// !$*UTF8*$!
{
	archiveVersion = 1;
	classes = {
	};
	objectVersion = 46;
	objects = {

/* Begin PBXBuildFile section */
		162346A01CA310B80009FFC2 /* AddCourseTableViewCell.swift in Sources */ = {isa = PBXBuildFile; fileRef = 1623469F1CA310B80009FFC2 /* AddCourseTableViewCell.swift */; };
		162346A41CA3175A0009FFC2 /* AddCourseViewController.swift in Sources */ = {isa = PBXBuildFile; fileRef = 162346A31CA3175A0009FFC2 /* AddCourseViewController.swift */; };
		162346A61CA317AE0009FFC2 /* AddCourseTuneViewController.swift in Sources */ = {isa = PBXBuildFile; fileRef = 162346A51CA317AE0009FFC2 /* AddCourseTuneViewController.swift */; };
		162346A81CA3249B0009FFC2 /* AddCourseView.swift in Sources */ = {isa = PBXBuildFile; fileRef = 162346A71CA3249B0009FFC2 /* AddCourseView.swift */; };
		162346AA1CA333110009FFC2 /* FeedMenuCell.swift in Sources */ = {isa = PBXBuildFile; fileRef = 162346A91CA333110009FFC2 /* FeedMenuCell.swift */; };
		1624B5AA1C99D72C00CA10A3 /* TimetableMenuCell.swift in Sources */ = {isa = PBXBuildFile; fileRef = 1624B5A91C99D72C00CA10A3 /* TimetableMenuCell.swift */; };
		1624B5AC1C99D74500CA10A3 /* MyCoursesMenuCell.swift in Sources */ = {isa = PBXBuildFile; fileRef = 1624B5AB1C99D74500CA10A3 /* MyCoursesMenuCell.swift */; };
		1624B5AE1C99D75F00CA10A3 /* SettingsMenuCell.swift in Sources */ = {isa = PBXBuildFile; fileRef = 1624B5AD1C99D75F00CA10A3 /* SettingsMenuCell.swift */; };
		1624B5B01C99D77800CA10A3 /* UserInfoMenuCell.swift in Sources */ = {isa = PBXBuildFile; fileRef = 1624B5AF1C99D77800CA10A3 /* UserInfoMenuCell.swift */; };
		1629C72E1CB143C9004B3FAD /* LoginViewController.swift in Sources */ = {isa = PBXBuildFile; fileRef = 1629C72D1CB143C9004B3FAD /* LoginViewController.swift */; };
		1629C7301CB15337004B3FAD /* AddPhotoRegistrationViewController.swift in Sources */ = {isa = PBXBuildFile; fileRef = 1629C72F1CB15337004B3FAD /* AddPhotoRegistrationViewController.swift */; };
		163D7B121C8C780C00C08A61 /* AppDelegate.swift in Sources */ = {isa = PBXBuildFile; fileRef = 163D7B111C8C780C00C08A61 /* AppDelegate.swift */; };
		163D7B141C8C780C00C08A61 /* ViewController.swift in Sources */ = {isa = PBXBuildFile; fileRef = 163D7B131C8C780C00C08A61 /* ViewController.swift */; };
		163D7B171C8C780C00C08A61 /* Main.storyboard in Resources */ = {isa = PBXBuildFile; fileRef = 163D7B151C8C780C00C08A61 /* Main.storyboard */; };
		163D7B191C8C780C00C08A61 /* Assets.xcassets in Resources */ = {isa = PBXBuildFile; fileRef = 163D7B181C8C780C00C08A61 /* Assets.xcassets */; };
		163D7B1C1C8C780C00C08A61 /* LaunchScreen.storyboard in Resources */ = {isa = PBXBuildFile; fileRef = 163D7B1A1C8C780C00C08A61 /* LaunchScreen.storyboard */; };
		163D7B271C8C780C00C08A61 /* inStudy_iOSTests.swift in Sources */ = {isa = PBXBuildFile; fileRef = 163D7B261C8C780C00C08A61 /* inStudy_iOSTests.swift */; };
		163D7B321C8C780C00C08A61 /* inStudy_iOSUITests.swift in Sources */ = {isa = PBXBuildFile; fileRef = 163D7B311C8C780C00C08A61 /* inStudy_iOSUITests.swift */; };
		1665763D1CB6A4860034A7A2 /* Alert.swift in Sources */ = {isa = PBXBuildFile; fileRef = 1665763C1CB6A4860034A7A2 /* Alert.swift */; };
		1665763F1CB6A4B70034A7A2 /* RegistrationModel.swift in Sources */ = {isa = PBXBuildFile; fileRef = 1665763E1CB6A4B70034A7A2 /* RegistrationModel.swift */; };
		167DE2161C90D9A20030A54F /* CourseTableViewCell.swift in Sources */ = {isa = PBXBuildFile; fileRef = 167DE2141C90D9A20030A54F /* CourseTableViewCell.swift */; };
		167DE2171C90D9A20030A54F /* DeletedCourseTableViewCell.swift in Sources */ = {isa = PBXBuildFile; fileRef = 167DE2151C90D9A20030A54F /* DeletedCourseTableViewCell.swift */; };
		167DE2191C90D9EC0030A54F /* Mark.swift in Sources */ = {isa = PBXBuildFile; fileRef = 167DE2181C90D9EC0030A54F /* Mark.swift */; };
		167DE21C1C90DC2E0030A54F /* CourseTable.storyboard in Resources */ = {isa = PBXBuildFile; fileRef = 167DE21B1C90DC2E0030A54F /* CourseTable.storyboard */; };
		167DE2221C91CFB10030A54F /* TimeTableViewController.swift in Sources */ = {isa = PBXBuildFile; fileRef = 167DE2211C91CFB10030A54F /* TimeTableViewController.swift */; };
		167DE2241C91CFE20030A54F /* Tag.swift in Sources */ = {isa = PBXBuildFile; fileRef = 167DE2231C91CFE20030A54F /* Tag.swift */; };
		167DE2261C91CFEB0030A54F /* TimeTableViewCell.swift in Sources */ = {isa = PBXBuildFile; fileRef = 167DE2251C91CFEB0030A54F /* TimeTableViewCell.swift */; };
		167DE22A1C91D2630030A54F /* Class.swift in Sources */ = {isa = PBXBuildFile; fileRef = 167DE2291C91D2630030A54F /* Class.swift */; };
		167DE22C1C91D3570030A54F /* Timetable.storyboard in Resources */ = {isa = PBXBuildFile; fileRef = 167DE22B1C91D3570030A54F /* Timetable.storyboard */; };
		167DE22E1C91E0F10030A54F /* RegistrationPrivateDataViewController.swift in Sources */ = {isa = PBXBuildFile; fileRef = 167DE22D1C91E0F10030A54F /* RegistrationPrivateDataViewController.swift */; };
		167DE2331C91E6BA0030A54F /* MenuController.swift in Sources */ = {isa = PBXBuildFile; fileRef = 167DE2321C91E6BA0030A54F /* MenuController.swift */; };
		167DE2361C91EA340030A54F /* Menu.storyboard in Resources */ = {isa = PBXBuildFile; fileRef = 167DE2351C91EA340030A54F /* Menu.storyboard */; };
		167DE23B1C91ED910030A54F /* SWRevealViewController.m in Sources */ = {isa = PBXBuildFile; fileRef = 167DE23A1C91ED910030A54F /* SWRevealViewController.m */; };
		167DE23D1C91EE680030A54F /* MyChat.swift in Sources */ = {isa = PBXBuildFile; fileRef = 167DE23C1C91EE680030A54F /* MyChat.swift */; };
		167DE2401C922F040030A54F /* CourseViewController.swift in Sources */ = {isa = PBXBuildFile; fileRef = 167DE23F1C922F040030A54F /* CourseViewController.swift */; };
		168415E01CA6ABA10082AD0D /* FeedAddAdViewController.swift in Sources */ = {isa = PBXBuildFile; fileRef = 168415DB1CA6ABA10082AD0D /* FeedAddAdViewController.swift */; };
		168415E11CA6ABA10082AD0D /* FeedFullAdViewController.swift in Sources */ = {isa = PBXBuildFile; fileRef = 168415DC1CA6ABA10082AD0D /* FeedFullAdViewController.swift */; };
		168415E21CA6ABA10082AD0D /* FeedFullPostViewController.swift in Sources */ = {isa = PBXBuildFile; fileRef = 168415DD1CA6ABA10082AD0D /* FeedFullPostViewController.swift */; };
		168415E31CA6ABA10082AD0D /* FeedTeacherAddAdViewController.swift in Sources */ = {isa = PBXBuildFile; fileRef = 168415DE1CA6ABA10082AD0D /* FeedTeacherAddAdViewController.swift */; };
		168415E41CA6ABA10082AD0D /* FeedViewController.swift in Sources */ = {isa = PBXBuildFile; fileRef = 168415DF1CA6ABA10082AD0D /* FeedViewController.swift */; };
		168415E61CA6ABED0082AD0D /* FeedTableViewCell.swift in Sources */ = {isa = PBXBuildFile; fileRef = 168415E51CA6ABED0082AD0D /* FeedTableViewCell.swift */; };
		168415E81CA6ABF80082AD0D /* CommentTableViewCell.swift in Sources */ = {isa = PBXBuildFile; fileRef = 168415E71CA6ABF80082AD0D /* CommentTableViewCell.swift */; };
		168415EA1CA6AC0D0082AD0D /* FeedType2TableViewCell.swift in Sources */ = {isa = PBXBuildFile; fileRef = 168415E91CA6AC0D0082AD0D /* FeedType2TableViewCell.swift */; };
		168415EE1CA6AC180082AD0D /* FeedType3TableViewCell.swift in Sources */ = {isa = PBXBuildFile; fileRef = 168415EB1CA6AC180082AD0D /* FeedType3TableViewCell.swift */; };
		168415EF1CA6AC180082AD0D /* FullAdTableViewCell.swift in Sources */ = {isa = PBXBuildFile; fileRef = 168415EC1CA6AC180082AD0D /* FullAdTableViewCell.swift */; };
		168415F01CA6AC180082AD0D /* FullPostedAdTableViewCell.swift in Sources */ = {isa = PBXBuildFile; fileRef = 168415ED1CA6AC180082AD0D /* FullPostedAdTableViewCell.swift */; };
		169882841C8CB276002F9012 /* Feed.storyboard in Resources */ = {isa = PBXBuildFile; fileRef = 169882831C8CB276002F9012 /* Feed.storyboard */; };
		169A08CF1CB78C1A00F655C9 /* FeedModel.swift in Sources */ = {isa = PBXBuildFile; fileRef = 169A08CE1CB78C1A00F655C9 /* FeedModel.swift */; };
		169A08D11CB8161900F655C9 /* CommentModel.swift in Sources */ = {isa = PBXBuildFile; fileRef = 169A08D01CB8161900F655C9 /* CommentModel.swift */; };
		16CC3D021C8D65CD00E13E8B /* Registration.storyboard in Resources */ = {isa = PBXBuildFile; fileRef = 16CC3D011C8D65CD00E13E8B /* Registration.storyboard */; };
		16CC3D071C8D701000E13E8B /* RegistrationViewController.swift in Sources */ = {isa = PBXBuildFile; fileRef = 16CC3D061C8D701000E13E8B /* RegistrationViewController.swift */; };
		16E7B6C81C94A2A700AC7852 /* User.swift in Sources */ = {isa = PBXBuildFile; fileRef = 16E7B6C71C94A2A700AC7852 /* User.swift */; };
		16E7B6CA1C94A43900AC7852 /* Course.swift in Sources */ = {isa = PBXBuildFile; fileRef = 16E7B6C91C94A43900AC7852 /* Course.swift */; };
		16E7B6CC1C94A54F00AC7852 /* CourseTableViewController.swift in Sources */ = {isa = PBXBuildFile; fileRef = 16E7B6CB1C94A54F00AC7852 /* CourseTableViewController.swift */; };
		16E7B6CE1C94A56900AC7852 /* AddControl.swift in Sources */ = {isa = PBXBuildFile; fileRef = 16E7B6CD1C94A56900AC7852 /* AddControl.swift */; };
		16E7B6D01C9579FB00AC7852 /* Utility.swift in Sources */ = {isa = PBXBuildFile; fileRef = 16E7B6CF1C9579FB00AC7852 /* Utility.swift */; };
		A110BBC940DB5C8FB6437A23 /* Pods.framework in Frameworks */ = {isa = PBXBuildFile; fileRef = 116B60D8EF70D6A820E0DF29 /* Pods.framework */; };
		A51460481C8E13AA008B4F90 /* CheckIn.storyboard in Resources */ = {isa = PBXBuildFile; fileRef = A51460471C8E13AA008B4F90 /* CheckIn.storyboard */; };
		A51460491C8E13AA008B4F90 /* CheckIn.storyboard in Resources */ = {isa = PBXBuildFile; fileRef = A51460471C8E13AA008B4F90 /* CheckIn.storyboard */; };
		A514604A1C8E13AA008B4F90 /* CheckIn.storyboard in Resources */ = {isa = PBXBuildFile; fileRef = A51460471C8E13AA008B4F90 /* CheckIn.storyboard */; };
		A5322BF11CC3C5BF005E6A40 /* CoursesLoader.swift in Sources */ = {isa = PBXBuildFile; fileRef = A5322BF01CC3C5BF005E6A40 /* CoursesLoader.swift */; };
		A53B133E1CB112770043688F /* GlobalStorage.swift in Sources */ = {isa = PBXBuildFile; fileRef = A53B133D1CB112770043688F /* GlobalStorage.swift */; };
		A55DBFBF1C9F604A00B77BA6 /* TimetableHeaderCell.swift in Sources */ = {isa = PBXBuildFile; fileRef = A55DBFBE1C9F604A00B77BA6 /* TimetableHeaderCell.swift */; };
		F10E6C1E1CAB28E60092581F /* SwiftExampleViewController.swift in Sources */ = {isa = PBXBuildFile; fileRef = F10E6C1D1CAB28E60092581F /* SwiftExampleViewController.swift */; };
		F10E6C201CAB29470092581F /* ChatMenuCell.swift in Sources */ = {isa = PBXBuildFile; fileRef = F10E6C1F1CAB29470092581F /* ChatMenuCell.swift */; };
		F149272D1CC59CA700CCCBC2 /* AlertSettingsViewController.swift in Sources */ = {isa = PBXBuildFile; fileRef = F149272C1CC59CA700CCCBC2 /* AlertSettingsViewController.swift */; };
		F149272F1CC5A5A200CCCBC2 /* SettingsModel.swift in Sources */ = {isa = PBXBuildFile; fileRef = F149272E1CC5A5A200CCCBC2 /* SettingsModel.swift */; };
		F157D60F1CB180360050308E /* SettingsViewController.swift in Sources */ = {isa = PBXBuildFile; fileRef = F157D60E1CB180360050308E /* SettingsViewController.swift */; };
		F157D6121CB1A29C0050308E /* ChangePasswordViewController.swift in Sources */ = {isa = PBXBuildFile; fileRef = F157D6111CB1A29C0050308E /* ChangePasswordViewController.swift */; };
		F1732AEB1CCC150D00D6B2B9 /* ChangeUserDataViewController.swift in Sources */ = {isa = PBXBuildFile; fileRef = F1732AEA1CCC150D00D6B2B9 /* ChangeUserDataViewController.swift */; };
		F1CD3EE91CB585F4004D9CC2 /* UserData.swift in Sources */ = {isa = PBXBuildFile; fileRef = F1CD3EE81CB585F4004D9CC2 /* UserData.swift */; };
		F1CD3EEB1CB59014004D9CC2 /* HTTPController.swift in Sources */ = {isa = PBXBuildFile; fileRef = F1CD3EEA1CB59014004D9CC2 /* HTTPController.swift */; };
/* End PBXBuildFile section */

/* Begin PBXContainerItemProxy section */
		163D7B231C8C780C00C08A61 /* PBXContainerItemProxy */ = {
			isa = PBXContainerItemProxy;
			containerPortal = 163D7B061C8C780C00C08A61 /* Project object */;
			proxyType = 1;
			remoteGlobalIDString = 163D7B0D1C8C780C00C08A61;
			remoteInfo = inStudy_iOS;
		};
		163D7B2E1C8C780C00C08A61 /* PBXContainerItemProxy */ = {
			isa = PBXContainerItemProxy;
			containerPortal = 163D7B061C8C780C00C08A61 /* Project object */;
			proxyType = 1;
			remoteGlobalIDString = 163D7B0D1C8C780C00C08A61;
			remoteInfo = inStudy_iOS;
		};
/* End PBXContainerItemProxy section */

/* Begin PBXFileReference section */
		116B60D8EF70D6A820E0DF29 /* Pods.framework */ = {isa = PBXFileReference; explicitFileType = wrapper.framework; includeInIndex = 0; path = Pods.framework; sourceTree = BUILT_PRODUCTS_DIR; };
		1623469F1CA310B80009FFC2 /* AddCourseTableViewCell.swift */ = {isa = PBXFileReference; fileEncoding = 4; lastKnownFileType = sourcecode.swift; path = AddCourseTableViewCell.swift; sourceTree = "<group>"; };
		162346A31CA3175A0009FFC2 /* AddCourseViewController.swift */ = {isa = PBXFileReference; fileEncoding = 4; lastKnownFileType = sourcecode.swift; path = AddCourseViewController.swift; sourceTree = "<group>"; };
		162346A51CA317AE0009FFC2 /* AddCourseTuneViewController.swift */ = {isa = PBXFileReference; fileEncoding = 4; lastKnownFileType = sourcecode.swift; path = AddCourseTuneViewController.swift; sourceTree = "<group>"; };
		162346A71CA3249B0009FFC2 /* AddCourseView.swift */ = {isa = PBXFileReference; fileEncoding = 4; lastKnownFileType = sourcecode.swift; path = AddCourseView.swift; sourceTree = "<group>"; };
		162346A91CA333110009FFC2 /* FeedMenuCell.swift */ = {isa = PBXFileReference; fileEncoding = 4; lastKnownFileType = sourcecode.swift; path = FeedMenuCell.swift; sourceTree = "<group>"; };
		1624B5A91C99D72C00CA10A3 /* TimetableMenuCell.swift */ = {isa = PBXFileReference; fileEncoding = 4; lastKnownFileType = sourcecode.swift; path = TimetableMenuCell.swift; sourceTree = "<group>"; };
		1624B5AB1C99D74500CA10A3 /* MyCoursesMenuCell.swift */ = {isa = PBXFileReference; fileEncoding = 4; lastKnownFileType = sourcecode.swift; path = MyCoursesMenuCell.swift; sourceTree = "<group>"; };
		1624B5AD1C99D75F00CA10A3 /* SettingsMenuCell.swift */ = {isa = PBXFileReference; fileEncoding = 4; lastKnownFileType = sourcecode.swift; path = SettingsMenuCell.swift; sourceTree = "<group>"; };
		1624B5AF1C99D77800CA10A3 /* UserInfoMenuCell.swift */ = {isa = PBXFileReference; fileEncoding = 4; lastKnownFileType = sourcecode.swift; path = UserInfoMenuCell.swift; sourceTree = "<group>"; };
		1629C72D1CB143C9004B3FAD /* LoginViewController.swift */ = {isa = PBXFileReference; fileEncoding = 4; lastKnownFileType = sourcecode.swift; path = LoginViewController.swift; sourceTree = "<group>"; };
		1629C72F1CB15337004B3FAD /* AddPhotoRegistrationViewController.swift */ = {isa = PBXFileReference; fileEncoding = 4; lastKnownFileType = sourcecode.swift; path = AddPhotoRegistrationViewController.swift; sourceTree = "<group>"; };
		163D7B0E1C8C780C00C08A61 /* inStudy_iOS.app */ = {isa = PBXFileReference; explicitFileType = wrapper.application; includeInIndex = 0; path = inStudy_iOS.app; sourceTree = BUILT_PRODUCTS_DIR; };
		163D7B111C8C780C00C08A61 /* AppDelegate.swift */ = {isa = PBXFileReference; lastKnownFileType = sourcecode.swift; path = AppDelegate.swift; sourceTree = "<group>"; };
		163D7B131C8C780C00C08A61 /* ViewController.swift */ = {isa = PBXFileReference; lastKnownFileType = sourcecode.swift; path = ViewController.swift; sourceTree = "<group>"; };
		163D7B161C8C780C00C08A61 /* Base */ = {isa = PBXFileReference; lastKnownFileType = file.storyboard; name = Base; path = Base.lproj/Main.storyboard; sourceTree = "<group>"; };
		163D7B181C8C780C00C08A61 /* Assets.xcassets */ = {isa = PBXFileReference; lastKnownFileType = folder.assetcatalog; path = Assets.xcassets; sourceTree = "<group>"; };
		163D7B1B1C8C780C00C08A61 /* Base */ = {isa = PBXFileReference; lastKnownFileType = file.storyboard; name = Base; path = Base.lproj/LaunchScreen.storyboard; sourceTree = "<group>"; };
		163D7B1D1C8C780C00C08A61 /* Info.plist */ = {isa = PBXFileReference; lastKnownFileType = text.plist.xml; path = Info.plist; sourceTree = "<group>"; };
		163D7B221C8C780C00C08A61 /* inStudy_iOSTests.xctest */ = {isa = PBXFileReference; explicitFileType = wrapper.cfbundle; includeInIndex = 0; path = inStudy_iOSTests.xctest; sourceTree = BUILT_PRODUCTS_DIR; };
		163D7B261C8C780C00C08A61 /* inStudy_iOSTests.swift */ = {isa = PBXFileReference; lastKnownFileType = sourcecode.swift; path = inStudy_iOSTests.swift; sourceTree = "<group>"; };
		163D7B281C8C780C00C08A61 /* Info.plist */ = {isa = PBXFileReference; lastKnownFileType = text.plist.xml; path = Info.plist; sourceTree = "<group>"; };
		163D7B2D1C8C780C00C08A61 /* inStudy_iOSUITests.xctest */ = {isa = PBXFileReference; explicitFileType = wrapper.cfbundle; includeInIndex = 0; path = inStudy_iOSUITests.xctest; sourceTree = BUILT_PRODUCTS_DIR; };
		163D7B311C8C780C00C08A61 /* inStudy_iOSUITests.swift */ = {isa = PBXFileReference; lastKnownFileType = sourcecode.swift; path = inStudy_iOSUITests.swift; sourceTree = "<group>"; };
		163D7B331C8C780C00C08A61 /* Info.plist */ = {isa = PBXFileReference; lastKnownFileType = text.plist.xml; path = Info.plist; sourceTree = "<group>"; };
		1665763C1CB6A4860034A7A2 /* Alert.swift */ = {isa = PBXFileReference; fileEncoding = 4; lastKnownFileType = sourcecode.swift; path = Alert.swift; sourceTree = "<group>"; };
		1665763E1CB6A4B70034A7A2 /* RegistrationModel.swift */ = {isa = PBXFileReference; fileEncoding = 4; lastKnownFileType = sourcecode.swift; path = RegistrationModel.swift; sourceTree = "<group>"; };
		167DE2141C90D9A20030A54F /* CourseTableViewCell.swift */ = {isa = PBXFileReference; fileEncoding = 4; lastKnownFileType = sourcecode.swift; path = CourseTableViewCell.swift; sourceTree = "<group>"; };
		167DE2151C90D9A20030A54F /* DeletedCourseTableViewCell.swift */ = {isa = PBXFileReference; fileEncoding = 4; lastKnownFileType = sourcecode.swift; path = DeletedCourseTableViewCell.swift; sourceTree = "<group>"; };
		167DE2181C90D9EC0030A54F /* Mark.swift */ = {isa = PBXFileReference; fileEncoding = 4; lastKnownFileType = sourcecode.swift; path = Mark.swift; sourceTree = "<group>"; };
		167DE21B1C90DC2E0030A54F /* CourseTable.storyboard */ = {isa = PBXFileReference; fileEncoding = 4; lastKnownFileType = file.storyboard; path = CourseTable.storyboard; sourceTree = "<group>"; };
		167DE2211C91CFB10030A54F /* TimeTableViewController.swift */ = {isa = PBXFileReference; fileEncoding = 4; lastKnownFileType = sourcecode.swift; path = TimeTableViewController.swift; sourceTree = "<group>"; };
		167DE2231C91CFE20030A54F /* Tag.swift */ = {isa = PBXFileReference; fileEncoding = 4; lastKnownFileType = sourcecode.swift; path = Tag.swift; sourceTree = "<group>"; };
		167DE2251C91CFEB0030A54F /* TimeTableViewCell.swift */ = {isa = PBXFileReference; fileEncoding = 4; lastKnownFileType = sourcecode.swift; path = TimeTableViewCell.swift; sourceTree = "<group>"; };
		167DE2291C91D2630030A54F /* Class.swift */ = {isa = PBXFileReference; fileEncoding = 4; lastKnownFileType = sourcecode.swift; path = Class.swift; sourceTree = "<group>"; };
		167DE22B1C91D3570030A54F /* Timetable.storyboard */ = {isa = PBXFileReference; fileEncoding = 4; lastKnownFileType = file.storyboard; path = Timetable.storyboard; sourceTree = "<group>"; };
		167DE22D1C91E0F10030A54F /* RegistrationPrivateDataViewController.swift */ = {isa = PBXFileReference; fileEncoding = 4; lastKnownFileType = sourcecode.swift; path = RegistrationPrivateDataViewController.swift; sourceTree = "<group>"; };
		167DE2321C91E6BA0030A54F /* MenuController.swift */ = {isa = PBXFileReference; fileEncoding = 4; lastKnownFileType = sourcecode.swift; path = MenuController.swift; sourceTree = "<group>"; };
		167DE2351C91EA340030A54F /* Menu.storyboard */ = {isa = PBXFileReference; fileEncoding = 4; lastKnownFileType = file.storyboard; path = Menu.storyboard; sourceTree = "<group>"; };
		167DE2381C91ED8E0030A54F /* inStudy_iOS-Bridging-Header.h */ = {isa = PBXFileReference; lastKnownFileType = sourcecode.c.h; path = "inStudy_iOS-Bridging-Header.h"; sourceTree = "<group>"; };
		167DE2391C91ED910030A54F /* SWRevealViewController.h */ = {isa = PBXFileReference; fileEncoding = 4; lastKnownFileType = sourcecode.c.h; path = SWRevealViewController.h; sourceTree = "<group>"; };
		167DE23A1C91ED910030A54F /* SWRevealViewController.m */ = {isa = PBXFileReference; fileEncoding = 4; lastKnownFileType = sourcecode.c.objc; path = SWRevealViewController.m; sourceTree = "<group>"; };
		167DE23C1C91EE680030A54F /* MyChat.swift */ = {isa = PBXFileReference; fileEncoding = 4; lastKnownFileType = sourcecode.swift; path = MyChat.swift; sourceTree = "<group>"; };
		167DE23F1C922F040030A54F /* CourseViewController.swift */ = {isa = PBXFileReference; fileEncoding = 4; lastKnownFileType = sourcecode.swift; path = CourseViewController.swift; sourceTree = "<group>"; };
		168415DB1CA6ABA10082AD0D /* FeedAddAdViewController.swift */ = {isa = PBXFileReference; fileEncoding = 4; lastKnownFileType = sourcecode.swift; path = FeedAddAdViewController.swift; sourceTree = "<group>"; };
		168415DC1CA6ABA10082AD0D /* FeedFullAdViewController.swift */ = {isa = PBXFileReference; fileEncoding = 4; lastKnownFileType = sourcecode.swift; path = FeedFullAdViewController.swift; sourceTree = "<group>"; };
		168415DD1CA6ABA10082AD0D /* FeedFullPostViewController.swift */ = {isa = PBXFileReference; fileEncoding = 4; lastKnownFileType = sourcecode.swift; path = FeedFullPostViewController.swift; sourceTree = "<group>"; };
		168415DE1CA6ABA10082AD0D /* FeedTeacherAddAdViewController.swift */ = {isa = PBXFileReference; fileEncoding = 4; lastKnownFileType = sourcecode.swift; path = FeedTeacherAddAdViewController.swift; sourceTree = "<group>"; };
		168415DF1CA6ABA10082AD0D /* FeedViewController.swift */ = {isa = PBXFileReference; fileEncoding = 4; lastKnownFileType = sourcecode.swift; path = FeedViewController.swift; sourceTree = "<group>"; };
		168415E51CA6ABED0082AD0D /* FeedTableViewCell.swift */ = {isa = PBXFileReference; fileEncoding = 4; lastKnownFileType = sourcecode.swift; path = FeedTableViewCell.swift; sourceTree = "<group>"; };
		168415E71CA6ABF80082AD0D /* CommentTableViewCell.swift */ = {isa = PBXFileReference; fileEncoding = 4; lastKnownFileType = sourcecode.swift; path = CommentTableViewCell.swift; sourceTree = "<group>"; };
		168415E91CA6AC0D0082AD0D /* FeedType2TableViewCell.swift */ = {isa = PBXFileReference; fileEncoding = 4; lastKnownFileType = sourcecode.swift; path = FeedType2TableViewCell.swift; sourceTree = "<group>"; };
		168415EB1CA6AC180082AD0D /* FeedType3TableViewCell.swift */ = {isa = PBXFileReference; fileEncoding = 4; lastKnownFileType = sourcecode.swift; path = FeedType3TableViewCell.swift; sourceTree = "<group>"; };
		168415EC1CA6AC180082AD0D /* FullAdTableViewCell.swift */ = {isa = PBXFileReference; fileEncoding = 4; lastKnownFileType = sourcecode.swift; path = FullAdTableViewCell.swift; sourceTree = "<group>"; };
		168415ED1CA6AC180082AD0D /* FullPostedAdTableViewCell.swift */ = {isa = PBXFileReference; fileEncoding = 4; lastKnownFileType = sourcecode.swift; path = FullPostedAdTableViewCell.swift; sourceTree = "<group>"; };
		169882831C8CB276002F9012 /* Feed.storyboard */ = {isa = PBXFileReference; fileEncoding = 4; lastKnownFileType = file.storyboard; path = Feed.storyboard; sourceTree = "<group>"; };
		169A08CE1CB78C1A00F655C9 /* FeedModel.swift */ = {isa = PBXFileReference; fileEncoding = 4; lastKnownFileType = sourcecode.swift; path = FeedModel.swift; sourceTree = "<group>"; };
		169A08D01CB8161900F655C9 /* CommentModel.swift */ = {isa = PBXFileReference; fileEncoding = 4; lastKnownFileType = sourcecode.swift; path = CommentModel.swift; sourceTree = "<group>"; };
		16CC3D011C8D65CD00E13E8B /* Registration.storyboard */ = {isa = PBXFileReference; fileEncoding = 4; lastKnownFileType = file.storyboard; path = Registration.storyboard; sourceTree = "<group>"; };
		16CC3D061C8D701000E13E8B /* RegistrationViewController.swift */ = {isa = PBXFileReference; fileEncoding = 4; lastKnownFileType = sourcecode.swift; path = RegistrationViewController.swift; sourceTree = "<group>"; };
		16E7B6C71C94A2A700AC7852 /* User.swift */ = {isa = PBXFileReference; fileEncoding = 4; lastKnownFileType = sourcecode.swift; path = User.swift; sourceTree = "<group>"; };
		16E7B6C91C94A43900AC7852 /* Course.swift */ = {isa = PBXFileReference; fileEncoding = 4; lastKnownFileType = sourcecode.swift; path = Course.swift; sourceTree = "<group>"; };
		16E7B6CB1C94A54F00AC7852 /* CourseTableViewController.swift */ = {isa = PBXFileReference; fileEncoding = 4; lastKnownFileType = sourcecode.swift; path = CourseTableViewController.swift; sourceTree = "<group>"; };
		16E7B6CD1C94A56900AC7852 /* AddControl.swift */ = {isa = PBXFileReference; fileEncoding = 4; lastKnownFileType = sourcecode.swift; path = AddControl.swift; sourceTree = "<group>"; };
		16E7B6CF1C9579FB00AC7852 /* Utility.swift */ = {isa = PBXFileReference; fileEncoding = 4; lastKnownFileType = sourcecode.swift; path = Utility.swift; sourceTree = "<group>"; };
		43206F6851FD490BE381A6EF /* Pods.debug.xcconfig */ = {isa = PBXFileReference; includeInIndex = 1; lastKnownFileType = text.xcconfig; name = Pods.debug.xcconfig; path = "Pods/Target Support Files/Pods/Pods.debug.xcconfig"; sourceTree = "<group>"; };
		A51460471C8E13AA008B4F90 /* CheckIn.storyboard */ = {isa = PBXFileReference; fileEncoding = 4; lastKnownFileType = file.storyboard; path = CheckIn.storyboard; sourceTree = "<group>"; };
		A5322BF01CC3C5BF005E6A40 /* CoursesLoader.swift */ = {isa = PBXFileReference; fileEncoding = 4; lastKnownFileType = sourcecode.swift; path = CoursesLoader.swift; sourceTree = "<group>"; };
		A53B133D1CB112770043688F /* GlobalStorage.swift */ = {isa = PBXFileReference; fileEncoding = 4; lastKnownFileType = sourcecode.swift; path = GlobalStorage.swift; sourceTree = "<group>"; };
		A55DBFBE1C9F604A00B77BA6 /* TimetableHeaderCell.swift */ = {isa = PBXFileReference; fileEncoding = 4; lastKnownFileType = sourcecode.swift; path = TimetableHeaderCell.swift; sourceTree = "<group>"; };
		B957341D997DBB0A9A51E480 /* Pods.release.xcconfig */ = {isa = PBXFileReference; includeInIndex = 1; lastKnownFileType = text.xcconfig; name = Pods.release.xcconfig; path = "Pods/Target Support Files/Pods/Pods.release.xcconfig"; sourceTree = "<group>"; };
		F10E6C1D1CAB28E60092581F /* SwiftExampleViewController.swift */ = {isa = PBXFileReference; fileEncoding = 4; lastKnownFileType = sourcecode.swift; path = SwiftExampleViewController.swift; sourceTree = "<group>"; };
		F10E6C1F1CAB29470092581F /* ChatMenuCell.swift */ = {isa = PBXFileReference; fileEncoding = 4; lastKnownFileType = sourcecode.swift; path = ChatMenuCell.swift; sourceTree = "<group>"; };
		F149272C1CC59CA700CCCBC2 /* AlertSettingsViewController.swift */ = {isa = PBXFileReference; fileEncoding = 4; lastKnownFileType = sourcecode.swift; path = AlertSettingsViewController.swift; sourceTree = "<group>"; };
		F149272E1CC5A5A200CCCBC2 /* SettingsModel.swift */ = {isa = PBXFileReference; fileEncoding = 4; lastKnownFileType = sourcecode.swift; path = SettingsModel.swift; sourceTree = "<group>"; };
		F157D60E1CB180360050308E /* SettingsViewController.swift */ = {isa = PBXFileReference; fileEncoding = 4; lastKnownFileType = sourcecode.swift; path = SettingsViewController.swift; sourceTree = "<group>"; };
		F157D6111CB1A29C0050308E /* ChangePasswordViewController.swift */ = {isa = PBXFileReference; fileEncoding = 4; lastKnownFileType = sourcecode.swift; path = ChangePasswordViewController.swift; sourceTree = "<group>"; };
		F1732AEA1CCC150D00D6B2B9 /* ChangeUserDataViewController.swift */ = {isa = PBXFileReference; fileEncoding = 4; lastKnownFileType = sourcecode.swift; path = ChangeUserDataViewController.swift; sourceTree = "<group>"; };
		F1CD3EE81CB585F4004D9CC2 /* UserData.swift */ = {isa = PBXFileReference; fileEncoding = 4; lastKnownFileType = sourcecode.swift; path = UserData.swift; sourceTree = "<group>"; };
		F1CD3EEA1CB59014004D9CC2 /* HTTPController.swift */ = {isa = PBXFileReference; fileEncoding = 4; lastKnownFileType = sourcecode.swift; path = HTTPController.swift; sourceTree = "<group>"; };
/* End PBXFileReference section */

/* Begin PBXFrameworksBuildPhase section */
		163D7B0B1C8C780C00C08A61 /* Frameworks */ = {
			isa = PBXFrameworksBuildPhase;
			buildActionMask = 2147483647;
			files = (
				A110BBC940DB5C8FB6437A23 /* Pods.framework in Frameworks */,
			);
			runOnlyForDeploymentPostprocessing = 0;
		};
		163D7B1F1C8C780C00C08A61 /* Frameworks */ = {
			isa = PBXFrameworksBuildPhase;
			buildActionMask = 2147483647;
			files = (
			);
			runOnlyForDeploymentPostprocessing = 0;
		};
		163D7B2A1C8C780C00C08A61 /* Frameworks */ = {
			isa = PBXFrameworksBuildPhase;
			buildActionMask = 2147483647;
			files = (
			);
			runOnlyForDeploymentPostprocessing = 0;
		};
/* End PBXFrameworksBuildPhase section */

/* Begin PBXGroup section */
		163D7B051C8C780C00C08A61 = {
			isa = PBXGroup;
			children = (
				163D7B101C8C780C00C08A61 /* inStudy_iOS */,
				163D7B251C8C780C00C08A61 /* inStudy_iOSTests */,
				163D7B301C8C780C00C08A61 /* inStudy_iOSUITests */,
				163D7B0F1C8C780C00C08A61 /* Products */,
				5B3D9E9766E5B4DB276B3D7A /* Pods */,
				2855B35C866D39950E48026F /* Frameworks */,
			);
			sourceTree = "<group>";
		};
		163D7B0F1C8C780C00C08A61 /* Products */ = {
			isa = PBXGroup;
			children = (
				163D7B0E1C8C780C00C08A61 /* inStudy_iOS.app */,
				163D7B221C8C780C00C08A61 /* inStudy_iOSTests.xctest */,
				163D7B2D1C8C780C00C08A61 /* inStudy_iOSUITests.xctest */,
			);
			name = Products;
			sourceTree = "<group>";
		};
		163D7B101C8C780C00C08A61 /* inStudy_iOS */ = {
			isa = PBXGroup;
			children = (
				167DE2371C91ED610030A54F /* SWRevealViewController */,
				A5C3497B1C91103400D0074A /* View */,
				163D7B421C8C7A3400C08A61 /* Assets */,
				163D7B411C8C7A2700C08A61 /* Model */,
				163D7B401C8C7A0F00C08A61 /* Controller */,
				163D7B3F1C8C79F800C08A61 /* App delegate */,
				16E7B6CF1C9579FB00AC7852 /* Utility.swift */,
			);
			path = inStudy_iOS;
			sourceTree = "<group>";
		};
		163D7B251C8C780C00C08A61 /* inStudy_iOSTests */ = {
			isa = PBXGroup;
			children = (
				163D7B261C8C780C00C08A61 /* inStudy_iOSTests.swift */,
				163D7B281C8C780C00C08A61 /* Info.plist */,
			);
			path = inStudy_iOSTests;
			sourceTree = "<group>";
		};
		163D7B301C8C780C00C08A61 /* inStudy_iOSUITests */ = {
			isa = PBXGroup;
			children = (
				163D7B311C8C780C00C08A61 /* inStudy_iOSUITests.swift */,
				163D7B331C8C780C00C08A61 /* Info.plist */,
			);
			path = inStudy_iOSUITests;
			sourceTree = "<group>";
		};
		163D7B3F1C8C79F800C08A61 /* App delegate */ = {
			isa = PBXGroup;
			children = (
				167DE2341C91EA240030A54F /* Menu */,
				167DE21A1C90DA430030A54F /* MyCourses */,
				A514602D1C8E0CBF008B4F90 /* CheckIn */,
				A51460231C8E0C13008B4F90 /* Timetable */,
				16CC3D031C8D6F9400E13E8B /* Registration */,
				169882881C8CB3E2002F9012 /* Feed */,
				163D7B1D1C8C780C00C08A61 /* Info.plist */,
				163D7B151C8C780C00C08A61 /* Main.storyboard */,
				163D7B111C8C780C00C08A61 /* AppDelegate.swift */,
			);
			name = "App delegate";
			sourceTree = "<group>";
		};
		163D7B401C8C7A0F00C08A61 /* Controller */ = {
			isa = PBXGroup;
			children = (
				F1CD3EEA1CB59014004D9CC2 /* HTTPController.swift */,
				F1CD3EE81CB585F4004D9CC2 /* UserData.swift */,
				F17F390D1CCE1E4300B4654C /* Chat */,
				F157D6101CB180480050308E /* Setting */,
				167DE23E1C922EBD0030A54F /* Course */,
				167DE22F1C91E6540030A54F /* Menu */,
				167DE2131C90D7E20030A54F /* MyCourses */,
				A51460121C8E05F8008B4F90 /* CheckIn */,
				A51460111C8E05EE008B4F90 /* Timetable */,
				16CC3D041C8D6FB800E13E8B /* Registration */,
				169882871C8CB3CF002F9012 /* Feed */,
				163D7B131C8C780C00C08A61 /* ViewController.swift */,
			);
			name = Controller;
			sourceTree = "<group>";
		};
		163D7B411C8C7A2700C08A61 /* Model */ = {
			isa = PBXGroup;
			children = (
				F17F390E1CCE1ED200B4654C /* Chat */,
				F149272B1CC59C8700CCCBC2 /* Settings */,
				167DE2311C91E6710030A54F /* Menu */,
				A5C349831C9110D200D0074A /* CheckIn */,
				A5C349821C9110C800D0074A /* MyCourses */,
				A514600C1C8E0379008B4F90 /* Timetable */,
				16CC3D051C8D6FC500E13E8B /* Registration */,
				169882891C8CB44F002F9012 /* Feed */,
				16E7B6C71C94A2A700AC7852 /* User.swift */,
				A53B133D1CB112770043688F /* GlobalStorage.swift */,
				A5322BF01CC3C5BF005E6A40 /* CoursesLoader.swift */,
			);
			name = Model;
			sourceTree = "<group>";
		};
		163D7B421C8C7A3400C08A61 /* Assets */ = {
			isa = PBXGroup;
			children = (
				163D7B1A1C8C780C00C08A61 /* LaunchScreen.storyboard */,
				163D7B181C8C780C00C08A61 /* Assets.xcassets */,
			);
			name = Assets;
			sourceTree = "<group>";
		};
		167DE2131C90D7E20030A54F /* MyCourses */ = {
			isa = PBXGroup;
			children = (
				16E7B6CB1C94A54F00AC7852 /* CourseTableViewController.swift */,
				162346A31CA3175A0009FFC2 /* AddCourseViewController.swift */,
				162346A51CA317AE0009FFC2 /* AddCourseTuneViewController.swift */,
			);
			name = MyCourses;
			sourceTree = "<group>";
		};
		167DE21A1C90DA430030A54F /* MyCourses */ = {
			isa = PBXGroup;
			children = (
				167DE21B1C90DC2E0030A54F /* CourseTable.storyboard */,
			);
			name = MyCourses;
			sourceTree = "<group>";
		};
		167DE22F1C91E6540030A54F /* Menu */ = {
			isa = PBXGroup;
			children = (
				167DE2321C91E6BA0030A54F /* MenuController.swift */,
			);
			name = Menu;
			sourceTree = "<group>";
		};
		167DE2301C91E6600030A54F /* Menu */ = {
			isa = PBXGroup;
			children = (
				1624B5A91C99D72C00CA10A3 /* TimetableMenuCell.swift */,
				1624B5AB1C99D74500CA10A3 /* MyCoursesMenuCell.swift */,
				1624B5AD1C99D75F00CA10A3 /* SettingsMenuCell.swift */,
				F10E6C1F1CAB29470092581F /* ChatMenuCell.swift */,
				1624B5AF1C99D77800CA10A3 /* UserInfoMenuCell.swift */,
				162346A91CA333110009FFC2 /* FeedMenuCell.swift */,
			);
			name = Menu;
			sourceTree = "<group>";
		};
		167DE2311C91E6710030A54F /* Menu */ = {
			isa = PBXGroup;
			children = (
			);
			name = Menu;
			sourceTree = "<group>";
		};
		167DE2341C91EA240030A54F /* Menu */ = {
			isa = PBXGroup;
			children = (
				167DE2351C91EA340030A54F /* Menu.storyboard */,
			);
			name = Menu;
			sourceTree = "<group>";
		};
		167DE2371C91ED610030A54F /* SWRevealViewController */ = {
			isa = PBXGroup;
			children = (
				167DE2391C91ED910030A54F /* SWRevealViewController.h */,
				167DE23A1C91ED910030A54F /* SWRevealViewController.m */,
				167DE2381C91ED8E0030A54F /* inStudy_iOS-Bridging-Header.h */,
			);
			name = SWRevealViewController;
			sourceTree = "<group>";
		};
		167DE23E1C922EBD0030A54F /* Course */ = {
			isa = PBXGroup;
			children = (
				167DE23F1C922F040030A54F /* CourseViewController.swift */,
			);
			name = Course;
			sourceTree = "<group>";
		};
		169882871C8CB3CF002F9012 /* Feed */ = {
			isa = PBXGroup;
			children = (
				168415DF1CA6ABA10082AD0D /* FeedViewController.swift */,
				168415DB1CA6ABA10082AD0D /* FeedAddAdViewController.swift */,
				168415DE1CA6ABA10082AD0D /* FeedTeacherAddAdViewController.swift */,
				168415DC1CA6ABA10082AD0D /* FeedFullAdViewController.swift */,
				168415DD1CA6ABA10082AD0D /* FeedFullPostViewController.swift */,
			);
			name = Feed;
			sourceTree = "<group>";
		};
		169882881C8CB3E2002F9012 /* Feed */ = {
			isa = PBXGroup;
			children = (
				169882831C8CB276002F9012 /* Feed.storyboard */,
			);
			name = Feed;
			sourceTree = "<group>";
		};
		169882891C8CB44F002F9012 /* Feed */ = {
			isa = PBXGroup;
			children = (
				169A08CE1CB78C1A00F655C9 /* FeedModel.swift */,
				169A08D01CB8161900F655C9 /* CommentModel.swift */,
			);
			name = Feed;
			sourceTree = "<group>";
		};
		16CC3D031C8D6F9400E13E8B /* Registration */ = {
			isa = PBXGroup;
			children = (
				16CC3D011C8D65CD00E13E8B /* Registration.storyboard */,
			);
			name = Registration;
			sourceTree = "<group>";
		};
		16CC3D041C8D6FB800E13E8B /* Registration */ = {
			isa = PBXGroup;
			children = (
				16CC3D061C8D701000E13E8B /* RegistrationViewController.swift */,
				167DE22D1C91E0F10030A54F /* RegistrationPrivateDataViewController.swift */,
				1629C72D1CB143C9004B3FAD /* LoginViewController.swift */,
				1629C72F1CB15337004B3FAD /* AddPhotoRegistrationViewController.swift */,
			);
			name = Registration;
			sourceTree = "<group>";
		};
		16CC3D051C8D6FC500E13E8B /* Registration */ = {
			isa = PBXGroup;
			children = (
				1665763C1CB6A4860034A7A2 /* Alert.swift */,
				1665763E1CB6A4B70034A7A2 /* RegistrationModel.swift */,
			);
			name = Registration;
			sourceTree = "<group>";
		};
		2855B35C866D39950E48026F /* Frameworks */ = {
			isa = PBXGroup;
			children = (
				116B60D8EF70D6A820E0DF29 /* Pods.framework */,
			);
			name = Frameworks;
			sourceTree = "<group>";
		};
		5B3D9E9766E5B4DB276B3D7A /* Pods */ = {
			isa = PBXGroup;
			children = (
				43206F6851FD490BE381A6EF /* Pods.debug.xcconfig */,
				B957341D997DBB0A9A51E480 /* Pods.release.xcconfig */,
			);
			name = Pods;
			sourceTree = "<group>";
		};
		A514600C1C8E0379008B4F90 /* Timetable */ = {
			isa = PBXGroup;
			children = (
				167DE2291C91D2630030A54F /* Class.swift */,
			);
			name = Timetable;
			sourceTree = "<group>";
		};
		A51460111C8E05EE008B4F90 /* Timetable */ = {
			isa = PBXGroup;
			children = (
				167DE2211C91CFB10030A54F /* TimeTableViewController.swift */,
			);
			name = Timetable;
			sourceTree = "<group>";
		};
		A51460121C8E05F8008B4F90 /* CheckIn */ = {
			isa = PBXGroup;
			children = (
			);
			name = CheckIn;
			sourceTree = "<group>";
		};
		A51460231C8E0C13008B4F90 /* Timetable */ = {
			isa = PBXGroup;
			children = (
				167DE22B1C91D3570030A54F /* Timetable.storyboard */,
			);
			name = Timetable;
			sourceTree = "<group>";
		};
		A514602D1C8E0CBF008B4F90 /* CheckIn */ = {
			isa = PBXGroup;
			children = (
				A51460471C8E13AA008B4F90 /* CheckIn.storyboard */,
			);
			name = CheckIn;
			sourceTree = "<group>";
		};
		A5C3497B1C91103400D0074A /* View */ = {
			isa = PBXGroup;
			children = (
				167DE2301C91E6600030A54F /* Menu */,
				A5C349811C91108200D0074A /* Feed */,
				A5C349801C91107B00D0074A /* Registration */,
				A5C3497F1C91107300D0074A /* MyCourses */,
				A5C3497D1C91106300D0074A /* CheckIn */,
				A5C3497C1C91105500D0074A /* Timetable */,
			);
			name = View;
			sourceTree = "<group>";
		};
		A5C3497C1C91105500D0074A /* Timetable */ = {
			isa = PBXGroup;
			children = (
				167DE2251C91CFEB0030A54F /* TimeTableViewCell.swift */,
				167DE2231C91CFE20030A54F /* Tag.swift */,
				A55DBFBE1C9F604A00B77BA6 /* TimetableHeaderCell.swift */,
			);
			name = Timetable;
			sourceTree = "<group>";
		};
		A5C3497D1C91106300D0074A /* CheckIn */ = {
			isa = PBXGroup;
			children = (
			);
			name = CheckIn;
			sourceTree = "<group>";
		};
		A5C3497F1C91107300D0074A /* MyCourses */ = {
			isa = PBXGroup;
			children = (
				16E7B6CD1C94A56900AC7852 /* AddControl.swift */,
				167DE2141C90D9A20030A54F /* CourseTableViewCell.swift */,
				167DE2151C90D9A20030A54F /* DeletedCourseTableViewCell.swift */,
				167DE2181C90D9EC0030A54F /* Mark.swift */,
				1623469F1CA310B80009FFC2 /* AddCourseTableViewCell.swift */,
				162346A71CA3249B0009FFC2 /* AddCourseView.swift */,
			);
			name = MyCourses;
			sourceTree = "<group>";
		};
		A5C349801C91107B00D0074A /* Registration */ = {
			isa = PBXGroup;
			children = (
			);
			name = Registration;
			sourceTree = "<group>";
		};
		A5C349811C91108200D0074A /* Feed */ = {
			isa = PBXGroup;
			children = (
				168415EC1CA6AC180082AD0D /* FullAdTableViewCell.swift */,
				168415ED1CA6AC180082AD0D /* FullPostedAdTableViewCell.swift */,
				168415E51CA6ABED0082AD0D /* FeedTableViewCell.swift */,
				168415E91CA6AC0D0082AD0D /* FeedType2TableViewCell.swift */,
				168415EB1CA6AC180082AD0D /* FeedType3TableViewCell.swift */,
				168415E71CA6ABF80082AD0D /* CommentTableViewCell.swift */,
			);
			name = Feed;
			sourceTree = "<group>";
		};
		A5C349821C9110C800D0074A /* MyCourses */ = {
			isa = PBXGroup;
			children = (
				16E7B6C91C94A43900AC7852 /* Course.swift */,
			);
			name = MyCourses;
			sourceTree = "<group>";
		};
		A5C349831C9110D200D0074A /* CheckIn */ = {
			isa = PBXGroup;
			children = (
			);
			name = CheckIn;
			sourceTree = "<group>";
		};
		F149272B1CC59C8700CCCBC2 /* Settings */ = {
			isa = PBXGroup;
			children = (
				F149272C1CC59CA700CCCBC2 /* AlertSettingsViewController.swift */,
				F149272E1CC5A5A200CCCBC2 /* SettingsModel.swift */,
			);
			name = Settings;
			sourceTree = "<group>";
		};
		F157D6101CB180480050308E /* Setting */ = {
			isa = PBXGroup;
			children = (
				F157D60E1CB180360050308E /* SettingsViewController.swift */,
				F157D6111CB1A29C0050308E /* ChangePasswordViewController.swift */,
				F1732AEA1CCC150D00D6B2B9 /* ChangeUserDataViewController.swift */,
			);
			name = Setting;
			sourceTree = "<group>";
		};
		F17F390D1CCE1E4300B4654C /* Chat */ = {
			isa = PBXGroup;
			children = (
				F10E6C1D1CAB28E60092581F /* SwiftExampleViewController.swift */,
			);
			name = Chat;
			sourceTree = "<group>";
		};
		F17F390E1CCE1ED200B4654C /* Chat */ = {
			isa = PBXGroup;
			children = (
				167DE23C1C91EE680030A54F /* MyChat.swift */,
			);
			name = Chat;
			sourceTree = "<group>";
		};
/* End PBXGroup section */

/* Begin PBXNativeTarget section */
		163D7B0D1C8C780C00C08A61 /* inStudy_iOS */ = {
			isa = PBXNativeTarget;
			buildConfigurationList = 163D7B361C8C780C00C08A61 /* Build configuration list for PBXNativeTarget "inStudy_iOS" */;
			buildPhases = (
				1E336CB6FAEFBD090D7D9359 /* Check Pods Manifest.lock */,
				163D7B0A1C8C780C00C08A61 /* Sources */,
				163D7B0B1C8C780C00C08A61 /* Frameworks */,
				163D7B0C1C8C780C00C08A61 /* Resources */,
				D805E3DF052C300798B0FF40 /* Embed Pods Frameworks */,
				3E20284BE0E7A69A8EB019BD /* Copy Pods Resources */,
			);
			buildRules = (
			);
			dependencies = (
			);
			name = inStudy_iOS;
			productName = inStudy_iOS;
			productReference = 163D7B0E1C8C780C00C08A61 /* inStudy_iOS.app */;
			productType = "com.apple.product-type.application";
		};
		163D7B211C8C780C00C08A61 /* inStudy_iOSTests */ = {
			isa = PBXNativeTarget;
			buildConfigurationList = 163D7B391C8C780C00C08A61 /* Build configuration list for PBXNativeTarget "inStudy_iOSTests" */;
			buildPhases = (
				163D7B1E1C8C780C00C08A61 /* Sources */,
				163D7B1F1C8C780C00C08A61 /* Frameworks */,
				163D7B201C8C780C00C08A61 /* Resources */,
			);
			buildRules = (
			);
			dependencies = (
				163D7B241C8C780C00C08A61 /* PBXTargetDependency */,
			);
			name = inStudy_iOSTests;
			productName = inStudy_iOSTests;
			productReference = 163D7B221C8C780C00C08A61 /* inStudy_iOSTests.xctest */;
			productType = "com.apple.product-type.bundle.unit-test";
		};
		163D7B2C1C8C780C00C08A61 /* inStudy_iOSUITests */ = {
			isa = PBXNativeTarget;
			buildConfigurationList = 163D7B3C1C8C780C00C08A61 /* Build configuration list for PBXNativeTarget "inStudy_iOSUITests" */;
			buildPhases = (
				163D7B291C8C780C00C08A61 /* Sources */,
				163D7B2A1C8C780C00C08A61 /* Frameworks */,
				163D7B2B1C8C780C00C08A61 /* Resources */,
			);
			buildRules = (
			);
			dependencies = (
				163D7B2F1C8C780C00C08A61 /* PBXTargetDependency */,
			);
			name = inStudy_iOSUITests;
			productName = inStudy_iOSUITests;
			productReference = 163D7B2D1C8C780C00C08A61 /* inStudy_iOSUITests.xctest */;
			productType = "com.apple.product-type.bundle.ui-testing";
		};
/* End PBXNativeTarget section */

/* Begin PBXProject section */
		163D7B061C8C780C00C08A61 /* Project object */ = {
			isa = PBXProject;
			attributes = {
				LastSwiftUpdateCheck = 0720;
				LastUpgradeCheck = 0720;
				ORGANIZATIONNAME = "Булат Галиев";
				TargetAttributes = {
					163D7B0D1C8C780C00C08A61 = {
						CreatedOnToolsVersion = 7.2.1;
						DevelopmentTeam = D562KL9N8D;
					};
					163D7B211C8C780C00C08A61 = {
						CreatedOnToolsVersion = 7.2.1;
						TestTargetID = 163D7B0D1C8C780C00C08A61;
					};
					163D7B2C1C8C780C00C08A61 = {
						CreatedOnToolsVersion = 7.2.1;
						TestTargetID = 163D7B0D1C8C780C00C08A61;
					};
				};
			};
			buildConfigurationList = 163D7B091C8C780C00C08A61 /* Build configuration list for PBXProject "inStudy_iOS" */;
			compatibilityVersion = "Xcode 3.2";
			developmentRegion = English;
			hasScannedForEncodings = 0;
			knownRegions = (
				en,
				Base,
			);
			mainGroup = 163D7B051C8C780C00C08A61;
			productRefGroup = 163D7B0F1C8C780C00C08A61 /* Products */;
			projectDirPath = "";
			projectRoot = "";
			targets = (
				163D7B0D1C8C780C00C08A61 /* inStudy_iOS */,
				163D7B211C8C780C00C08A61 /* inStudy_iOSTests */,
				163D7B2C1C8C780C00C08A61 /* inStudy_iOSUITests */,
			);
		};
/* End PBXProject section */

/* Begin PBXResourcesBuildPhase section */
		163D7B0C1C8C780C00C08A61 /* Resources */ = {
			isa = PBXResourcesBuildPhase;
			buildActionMask = 2147483647;
			files = (
				16CC3D021C8D65CD00E13E8B /* Registration.storyboard in Resources */,
				163D7B1C1C8C780C00C08A61 /* LaunchScreen.storyboard in Resources */,
				167DE22C1C91D3570030A54F /* Timetable.storyboard in Resources */,
				167DE2361C91EA340030A54F /* Menu.storyboard in Resources */,
				163D7B191C8C780C00C08A61 /* Assets.xcassets in Resources */,
				169882841C8CB276002F9012 /* Feed.storyboard in Resources */,
				A51460481C8E13AA008B4F90 /* CheckIn.storyboard in Resources */,
				167DE21C1C90DC2E0030A54F /* CourseTable.storyboard in Resources */,
				163D7B171C8C780C00C08A61 /* Main.storyboard in Resources */,
			);
			runOnlyForDeploymentPostprocessing = 0;
		};
		163D7B201C8C780C00C08A61 /* Resources */ = {
			isa = PBXResourcesBuildPhase;
			buildActionMask = 2147483647;
			files = (
				A51460491C8E13AA008B4F90 /* CheckIn.storyboard in Resources */,
			);
			runOnlyForDeploymentPostprocessing = 0;
		};
		163D7B2B1C8C780C00C08A61 /* Resources */ = {
			isa = PBXResourcesBuildPhase;
			buildActionMask = 2147483647;
			files = (
				A514604A1C8E13AA008B4F90 /* CheckIn.storyboard in Resources */,
			);
			runOnlyForDeploymentPostprocessing = 0;
		};
/* End PBXResourcesBuildPhase section */

/* Begin PBXShellScriptBuildPhase section */
		1E336CB6FAEFBD090D7D9359 /* Check Pods Manifest.lock */ = {
			isa = PBXShellScriptBuildPhase;
			buildActionMask = 2147483647;
			files = (
			);
			inputPaths = (
			);
			name = "Check Pods Manifest.lock";
			outputPaths = (
			);
			runOnlyForDeploymentPostprocessing = 0;
			shellPath = /bin/sh;
			shellScript = "diff \"${PODS_ROOT}/../Podfile.lock\" \"${PODS_ROOT}/Manifest.lock\" > /dev/null\nif [[ $? != 0 ]] ; then\n    cat << EOM\nerror: The sandbox is not in sync with the Podfile.lock. Run 'pod install' or update your CocoaPods installation.\nEOM\n    exit 1\nfi\n";
			showEnvVarsInLog = 0;
		};
		3E20284BE0E7A69A8EB019BD /* Copy Pods Resources */ = {
			isa = PBXShellScriptBuildPhase;
			buildActionMask = 2147483647;
			files = (
			);
			inputPaths = (
			);
			name = "Copy Pods Resources";
			outputPaths = (
			);
			runOnlyForDeploymentPostprocessing = 0;
			shellPath = /bin/sh;
			shellScript = "\"${SRCROOT}/Pods/Target Support Files/Pods/Pods-resources.sh\"\n";
			showEnvVarsInLog = 0;
		};
		D805E3DF052C300798B0FF40 /* Embed Pods Frameworks */ = {
			isa = PBXShellScriptBuildPhase;
			buildActionMask = 2147483647;
			files = (
			);
			inputPaths = (
			);
			name = "Embed Pods Frameworks";
			outputPaths = (
			);
			runOnlyForDeploymentPostprocessing = 0;
			shellPath = /bin/sh;
			shellScript = "\"${SRCROOT}/Pods/Target Support Files/Pods/Pods-frameworks.sh\"\n";
			showEnvVarsInLog = 0;
		};
/* End PBXShellScriptBuildPhase section */

/* Begin PBXSourcesBuildPhase section */
		163D7B0A1C8C780C00C08A61 /* Sources */ = {
			isa = PBXSourcesBuildPhase;
			buildActionMask = 2147483647;
			files = (
				167DE23D1C91EE680030A54F /* MyChat.swift in Sources */,
				167DE2171C90D9A20030A54F /* DeletedCourseTableViewCell.swift in Sources */,
				167DE2221C91CFB10030A54F /* TimeTableViewController.swift in Sources */,
				1665763D1CB6A4860034A7A2 /* Alert.swift in Sources */,
				163D7B141C8C780C00C08A61 /* ViewController.swift in Sources */,
				F10E6C201CAB29470092581F /* ChatMenuCell.swift in Sources */,
				168415E11CA6ABA10082AD0D /* FeedFullAdViewController.swift in Sources */,
				168415F01CA6AC180082AD0D /* FullPostedAdTableViewCell.swift in Sources */,
				167DE23B1C91ED910030A54F /* SWRevealViewController.m in Sources */,
				167DE22E1C91E0F10030A54F /* RegistrationPrivateDataViewController.swift in Sources */,
				F157D6121CB1A29C0050308E /* ChangePasswordViewController.swift in Sources */,
				1624B5AA1C99D72C00CA10A3 /* TimetableMenuCell.swift in Sources */,
				167DE2241C91CFE20030A54F /* Tag.swift in Sources */,
				162346AA1CA333110009FFC2 /* FeedMenuCell.swift in Sources */,
				168415E41CA6ABA10082AD0D /* FeedViewController.swift in Sources */,
				16CC3D071C8D701000E13E8B /* RegistrationViewController.swift in Sources */,
				16E7B6CA1C94A43900AC7852 /* Course.swift in Sources */,
				163D7B121C8C780C00C08A61 /* AppDelegate.swift in Sources */,
				A53B133E1CB112770043688F /* GlobalStorage.swift in Sources */,
				167DE2401C922F040030A54F /* CourseViewController.swift in Sources */,
				168415E21CA6ABA10082AD0D /* FeedFullPostViewController.swift in Sources */,
				167DE2331C91E6BA0030A54F /* MenuController.swift in Sources */,
				162346A01CA310B80009FFC2 /* AddCourseTableViewCell.swift in Sources */,
				168415E31CA6ABA10082AD0D /* FeedTeacherAddAdViewController.swift in Sources */,
				1624B5B01C99D77800CA10A3 /* UserInfoMenuCell.swift in Sources */,
				162346A61CA317AE0009FFC2 /* AddCourseTuneViewController.swift in Sources */,
				1624B5AC1C99D74500CA10A3 /* MyCoursesMenuCell.swift in Sources */,
				168415EE1CA6AC180082AD0D /* FeedType3TableViewCell.swift in Sources */,
				F149272D1CC59CA700CCCBC2 /* AlertSettingsViewController.swift in Sources */,
				F1732AEB1CCC150D00D6B2B9 /* ChangeUserDataViewController.swift in Sources */,
				F157D60F1CB180360050308E /* SettingsViewController.swift in Sources */,
				168415EA1CA6AC0D0082AD0D /* FeedType2TableViewCell.swift in Sources */,
				1629C72E1CB143C9004B3FAD /* LoginViewController.swift in Sources */,
				F1CD3EE91CB585F4004D9CC2 /* UserData.swift in Sources */,
				F1CD3EEB1CB59014004D9CC2 /* HTTPController.swift in Sources */,
				1629C7301CB15337004B3FAD /* AddPhotoRegistrationViewController.swift in Sources */,
				16E7B6CE1C94A56900AC7852 /* AddControl.swift in Sources */,
				162346A41CA3175A0009FFC2 /* AddCourseViewController.swift in Sources */,
				162346A81CA3249B0009FFC2 /* AddCourseView.swift in Sources */,
				168415E61CA6ABED0082AD0D /* FeedTableViewCell.swift in Sources */,
				F149272F1CC5A5A200CCCBC2 /* SettingsModel.swift in Sources */,
				167DE22A1C91D2630030A54F /* Class.swift in Sources */,
				16E7B6CC1C94A54F00AC7852 /* CourseTableViewController.swift in Sources */,
				1624B5AE1C99D75F00CA10A3 /* SettingsMenuCell.swift in Sources */,
				168415E01CA6ABA10082AD0D /* FeedAddAdViewController.swift in Sources */,
				1665763F1CB6A4B70034A7A2 /* RegistrationModel.swift in Sources */,
				169A08D11CB8161900F655C9 /* CommentModel.swift in Sources */,
				A55DBFBF1C9F604A00B77BA6 /* TimetableHeaderCell.swift in Sources */,
				167DE2261C91CFEB0030A54F /* TimeTableViewCell.swift in Sources */,
				A5322BF11CC3C5BF005E6A40 /* CoursesLoader.swift in Sources */,
				16E7B6D01C9579FB00AC7852 /* Utility.swift in Sources */,
				F10E6C1E1CAB28E60092581F /* SwiftExampleViewController.swift in Sources */,
				167DE2161C90D9A20030A54F /* CourseTableViewCell.swift in Sources */,
				167DE2191C90D9EC0030A54F /* Mark.swift in Sources */,
				16E7B6C81C94A2A700AC7852 /* User.swift in Sources */,
				168415E81CA6ABF80082AD0D /* CommentTableViewCell.swift in Sources */,
				169A08CF1CB78C1A00F655C9 /* FeedModel.swift in Sources */,
				168415EF1CA6AC180082AD0D /* FullAdTableViewCell.swift in Sources */,
			);
			runOnlyForDeploymentPostprocessing = 0;
		};
		163D7B1E1C8C780C00C08A61 /* Sources */ = {
			isa = PBXSourcesBuildPhase;
			buildActionMask = 2147483647;
			files = (
				163D7B271C8C780C00C08A61 /* inStudy_iOSTests.swift in Sources */,
			);
			runOnlyForDeploymentPostprocessing = 0;
		};
		163D7B291C8C780C00C08A61 /* Sources */ = {
			isa = PBXSourcesBuildPhase;
			buildActionMask = 2147483647;
			files = (
				163D7B321C8C780C00C08A61 /* inStudy_iOSUITests.swift in Sources */,
			);
			runOnlyForDeploymentPostprocessing = 0;
		};
/* End PBXSourcesBuildPhase section */

/* Begin PBXTargetDependency section */
		163D7B241C8C780C00C08A61 /* PBXTargetDependency */ = {
			isa = PBXTargetDependency;
			target = 163D7B0D1C8C780C00C08A61 /* inStudy_iOS */;
			targetProxy = 163D7B231C8C780C00C08A61 /* PBXContainerItemProxy */;
		};
		163D7B2F1C8C780C00C08A61 /* PBXTargetDependency */ = {
			isa = PBXTargetDependency;
			target = 163D7B0D1C8C780C00C08A61 /* inStudy_iOS */;
			targetProxy = 163D7B2E1C8C780C00C08A61 /* PBXContainerItemProxy */;
		};
/* End PBXTargetDependency section */

/* Begin PBXVariantGroup section */
		163D7B151C8C780C00C08A61 /* Main.storyboard */ = {
			isa = PBXVariantGroup;
			children = (
				163D7B161C8C780C00C08A61 /* Base */,
			);
			name = Main.storyboard;
			sourceTree = "<group>";
		};
		163D7B1A1C8C780C00C08A61 /* LaunchScreen.storyboard */ = {
			isa = PBXVariantGroup;
			children = (
				163D7B1B1C8C780C00C08A61 /* Base */,
			);
			name = LaunchScreen.storyboard;
			sourceTree = "<group>";
		};
/* End PBXVariantGroup section */

/* Begin XCBuildConfiguration section */
		163D7B341C8C780C00C08A61 /* Debug */ = {
			isa = XCBuildConfiguration;
			buildSettings = {
				ALWAYS_SEARCH_USER_PATHS = NO;
				CLANG_CXX_LANGUAGE_STANDARD = "gnu++0x";
				CLANG_CXX_LIBRARY = "libc++";
				CLANG_ENABLE_MODULES = YES;
				CLANG_ENABLE_OBJC_ARC = YES;
				CLANG_WARN_BOOL_CONVERSION = YES;
				CLANG_WARN_CONSTANT_CONVERSION = YES;
				CLANG_WARN_DIRECT_OBJC_ISA_USAGE = YES_ERROR;
				CLANG_WARN_EMPTY_BODY = YES;
				CLANG_WARN_ENUM_CONVERSION = YES;
				CLANG_WARN_INT_CONVERSION = YES;
				CLANG_WARN_OBJC_ROOT_CLASS = YES_ERROR;
				CLANG_WARN_UNREACHABLE_CODE = YES;
				CLANG_WARN__DUPLICATE_METHOD_MATCH = YES;
				"CODE_SIGN_IDENTITY[sdk=iphoneos*]" = "iPhone Developer";
				COPY_PHASE_STRIP = NO;
				DEBUG_INFORMATION_FORMAT = dwarf;
				ENABLE_STRICT_OBJC_MSGSEND = YES;
				ENABLE_TESTABILITY = YES;
				GCC_C_LANGUAGE_STANDARD = gnu99;
				GCC_DYNAMIC_NO_PIC = NO;
				GCC_NO_COMMON_BLOCKS = YES;
				GCC_OPTIMIZATION_LEVEL = 0;
				GCC_PREPROCESSOR_DEFINITIONS = (
					"DEBUG=1",
					"$(inherited)",
				);
				GCC_WARN_64_TO_32_BIT_CONVERSION = YES;
				GCC_WARN_ABOUT_RETURN_TYPE = YES_ERROR;
				GCC_WARN_UNDECLARED_SELECTOR = YES;
				GCC_WARN_UNINITIALIZED_AUTOS = YES_AGGRESSIVE;
				GCC_WARN_UNUSED_FUNCTION = YES;
				GCC_WARN_UNUSED_VARIABLE = YES;
				IPHONEOS_DEPLOYMENT_TARGET = 9.2;
				MTL_ENABLE_DEBUG_INFO = YES;
				ONLY_ACTIVE_ARCH = YES;
				SDKROOT = iphoneos;
				SWIFT_OPTIMIZATION_LEVEL = "-Onone";
				TARGETED_DEVICE_FAMILY = "1,2";
			};
			name = Debug;
		};
		163D7B351C8C780C00C08A61 /* Release */ = {
			isa = XCBuildConfiguration;
			buildSettings = {
				ALWAYS_SEARCH_USER_PATHS = NO;
				CLANG_CXX_LANGUAGE_STANDARD = "gnu++0x";
				CLANG_CXX_LIBRARY = "libc++";
				CLANG_ENABLE_MODULES = YES;
				CLANG_ENABLE_OBJC_ARC = YES;
				CLANG_WARN_BOOL_CONVERSION = YES;
				CLANG_WARN_CONSTANT_CONVERSION = YES;
				CLANG_WARN_DIRECT_OBJC_ISA_USAGE = YES_ERROR;
				CLANG_WARN_EMPTY_BODY = YES;
				CLANG_WARN_ENUM_CONVERSION = YES;
				CLANG_WARN_INT_CONVERSION = YES;
				CLANG_WARN_OBJC_ROOT_CLASS = YES_ERROR;
				CLANG_WARN_UNREACHABLE_CODE = YES;
				CLANG_WARN__DUPLICATE_METHOD_MATCH = YES;
				"CODE_SIGN_IDENTITY[sdk=iphoneos*]" = "iPhone Developer";
				COPY_PHASE_STRIP = NO;
				DEBUG_INFORMATION_FORMAT = "dwarf-with-dsym";
				ENABLE_NS_ASSERTIONS = NO;
				ENABLE_STRICT_OBJC_MSGSEND = YES;
				GCC_C_LANGUAGE_STANDARD = gnu99;
				GCC_NO_COMMON_BLOCKS = YES;
				GCC_WARN_64_TO_32_BIT_CONVERSION = YES;
				GCC_WARN_ABOUT_RETURN_TYPE = YES_ERROR;
				GCC_WARN_UNDECLARED_SELECTOR = YES;
				GCC_WARN_UNINITIALIZED_AUTOS = YES_AGGRESSIVE;
				GCC_WARN_UNUSED_FUNCTION = YES;
				GCC_WARN_UNUSED_VARIABLE = YES;
				IPHONEOS_DEPLOYMENT_TARGET = 9.2;
				MTL_ENABLE_DEBUG_INFO = NO;
				SDKROOT = iphoneos;
				TARGETED_DEVICE_FAMILY = "1,2";
				VALIDATE_PRODUCT = YES;
			};
			name = Release;
		};
		163D7B371C8C780C00C08A61 /* Debug */ = {
			isa = XCBuildConfiguration;
			baseConfigurationReference = 43206F6851FD490BE381A6EF /* Pods.debug.xcconfig */;
			buildSettings = {
				ASSETCATALOG_COMPILER_APPICON_NAME = AppIcon;
				CLANG_ENABLE_MODULES = YES;
				CODE_SIGN_IDENTITY = "iPhone Developer";
				"CODE_SIGN_IDENTITY[sdk=iphoneos*]" = "iPhone Developer";
				INFOPLIST_FILE = inStudy_iOS/Info.plist;
				IPHONEOS_DEPLOYMENT_TARGET = 9.0;
				LD_RUNPATH_SEARCH_PATHS = "$(inherited) @executable_path/Frameworks";
				PRODUCT_BUNDLE_IDENTIFIER = com.mipt.inStudy;
				PRODUCT_NAME = "$(TARGET_NAME)";
				PROVISIONING_PROFILE = "";
				SWIFT_OBJC_BRIDGING_HEADER = "inStudy_iOS/inStudy_iOS-Bridging-Header.h";
				SWIFT_OPTIMIZATION_LEVEL = "-Onone";
				TARGETED_DEVICE_FAMILY = "1,2";
			};
			name = Debug;
		};
		163D7B381C8C780C00C08A61 /* Release */ = {
			isa = XCBuildConfiguration;
			baseConfigurationReference = B957341D997DBB0A9A51E480 /* Pods.release.xcconfig */;
			buildSettings = {
				ASSETCATALOG_COMPILER_APPICON_NAME = AppIcon;
				CLANG_ENABLE_MODULES = YES;
				CODE_SIGN_IDENTITY = "iPhone Developer";
				"CODE_SIGN_IDENTITY[sdk=iphoneos*]" = "iPhone Developer";
				INFOPLIST_FILE = inStudy_iOS/Info.plist;
				IPHONEOS_DEPLOYMENT_TARGET = 9.0;
				LD_RUNPATH_SEARCH_PATHS = "$(inherited) @executable_path/Frameworks";
				PRODUCT_BUNDLE_IDENTIFIER = com.mipt.inStudy;
				PRODUCT_NAME = "$(TARGET_NAME)";
				PROVISIONING_PROFILE = "";
				SWIFT_OBJC_BRIDGING_HEADER = "inStudy_iOS/inStudy_iOS-Bridging-Header.h";
				TARGETED_DEVICE_FAMILY = "1,2";
			};
			name = Release;
		};
		163D7B3A1C8C780C00C08A61 /* Debug */ = {
			isa = XCBuildConfiguration;
			buildSettings = {
				BUNDLE_LOADER = "$(TEST_HOST)";
				INFOPLIST_FILE = inStudy_iOSTests/Info.plist;
				LD_RUNPATH_SEARCH_PATHS = "$(inherited) @executable_path/Frameworks @loader_path/Frameworks";
				PRODUCT_BUNDLE_IDENTIFIER = "inStudy.inStudy-iOSTests";
				PRODUCT_NAME = "$(TARGET_NAME)";
				TEST_HOST = "$(BUILT_PRODUCTS_DIR)/inStudy_iOS.app/inStudy_iOS";
			};
			name = Debug;
		};
		163D7B3B1C8C780C00C08A61 /* Release */ = {
			isa = XCBuildConfiguration;
			buildSettings = {
				BUNDLE_LOADER = "$(TEST_HOST)";
				INFOPLIST_FILE = inStudy_iOSTests/Info.plist;
				LD_RUNPATH_SEARCH_PATHS = "$(inherited) @executable_path/Frameworks @loader_path/Frameworks";
				PRODUCT_BUNDLE_IDENTIFIER = "inStudy.inStudy-iOSTests";
				PRODUCT_NAME = "$(TARGET_NAME)";
				TEST_HOST = "$(BUILT_PRODUCTS_DIR)/inStudy_iOS.app/inStudy_iOS";
			};
			name = Release;
		};
		163D7B3D1C8C780C00C08A61 /* Debug */ = {
			isa = XCBuildConfiguration;
			buildSettings = {
				INFOPLIST_FILE = inStudy_iOSUITests/Info.plist;
				LD_RUNPATH_SEARCH_PATHS = "$(inherited) @executable_path/Frameworks @loader_path/Frameworks";
				PRODUCT_BUNDLE_IDENTIFIER = "inStudy.inStudy-iOSUITests";
				PRODUCT_NAME = "$(TARGET_NAME)";
				TEST_TARGET_NAME = inStudy_iOS;
				USES_XCTRUNNER = YES;
			};
			name = Debug;
		};
		163D7B3E1C8C780C00C08A61 /* Release */ = {
			isa = XCBuildConfiguration;
			buildSettings = {
				INFOPLIST_FILE = inStudy_iOSUITests/Info.plist;
				LD_RUNPATH_SEARCH_PATHS = "$(inherited) @executable_path/Frameworks @loader_path/Frameworks";
				PRODUCT_BUNDLE_IDENTIFIER = "inStudy.inStudy-iOSUITests";
				PRODUCT_NAME = "$(TARGET_NAME)";
				TEST_TARGET_NAME = inStudy_iOS;
				USES_XCTRUNNER = YES;
			};
			name = Release;
		};
/* End XCBuildConfiguration section */

/* Begin XCConfigurationList section */
		163D7B091C8C780C00C08A61 /* Build configuration list for PBXProject "inStudy_iOS" */ = {
			isa = XCConfigurationList;
			buildConfigurations = (
				163D7B341C8C780C00C08A61 /* Debug */,
				163D7B351C8C780C00C08A61 /* Release */,
			);
			defaultConfigurationIsVisible = 0;
			defaultConfigurationName = Release;
		};
		163D7B361C8C780C00C08A61 /* Build configuration list for PBXNativeTarget "inStudy_iOS" */ = {
			isa = XCConfigurationList;
			buildConfigurations = (
				163D7B371C8C780C00C08A61 /* Debug */,
				163D7B381C8C780C00C08A61 /* Release */,
			);
			defaultConfigurationIsVisible = 0;
			defaultConfigurationName = Release;
		};
		163D7B391C8C780C00C08A61 /* Build configuration list for PBXNativeTarget "inStudy_iOSTests" */ = {
			isa = XCConfigurationList;
			buildConfigurations = (
				163D7B3A1C8C780C00C08A61 /* Debug */,
				163D7B3B1C8C780C00C08A61 /* Release */,
			);
			defaultConfigurationIsVisible = 0;
			defaultConfigurationName = Release;
		};
		163D7B3C1C8C780C00C08A61 /* Build configuration list for PBXNativeTarget "inStudy_iOSUITests" */ = {
			isa = XCConfigurationList;
			buildConfigurations = (
				163D7B3D1C8C780C00C08A61 /* Debug */,
				163D7B3E1C8C780C00C08A61 /* Release */,
			);
			defaultConfigurationIsVisible = 0;
			defaultConfigurationName = Release;
		};
/* End XCConfigurationList section */
	};
	rootObject = 163D7B061C8C780C00C08A61 /* Project object */;
}
