// !$*UTF8*$!
{
	archiveVersion = 1;
	classes = {
	};
	objectVersion = 46;
	objects = {

/* Begin PBXBuildFile section */
		F125D3BB1C58CB8D004F6866 /* AppDelegate.swift in Sources */ = {isa = PBXBuildFile; fileRef = F125D3BA1C58CB8D004F6866 /* AppDelegate.swift */; };
		F125D3BD1C58CB8D004F6866 /* ViewController.swift in Sources */ = {isa = PBXBuildFile; fileRef = F125D3BC1C58CB8D004F6866 /* ViewController.swift */; };
		F125D3C01C58CB8D004F6866 /* Main.storyboard in Resources */ = {isa = PBXBuildFile; fileRef = F125D3BE1C58CB8D004F6866 /* Main.storyboard */; };
		F125D3C21C58CB8D004F6866 /* Assets.xcassets in Resources */ = {isa = PBXBuildFile; fileRef = F125D3C11C58CB8D004F6866 /* Assets.xcassets */; };
		F125D3C51C58CB8D004F6866 /* LaunchScreen.storyboard in Resources */ = {isa = PBXBuildFile; fileRef = F125D3C31C58CB8D004F6866 /* LaunchScreen.storyboard */; };
		F125D3D01C58CB8E004F6866 /* CalculatorTests.swift in Sources */ = {isa = PBXBuildFile; fileRef = F125D3CF1C58CB8E004F6866 /* CalculatorTests.swift */; };
		F125D3DB1C58CB8E004F6866 /* CalculatorUITests.swift in Sources */ = {isa = PBXBuildFile; fileRef = F125D3DA1C58CB8E004F6866 /* CalculatorUITests.swift */; };
		F18FD1651C5A4ADB0082C872 /* CalculatorBrain.swift in Sources */ = {isa = PBXBuildFile; fileRef = F18FD1641C5A4ADB0082C872 /* CalculatorBrain.swift */; settings = {ASSET_TAGS = (); }; };
/* End PBXBuildFile section */

/* Begin PBXContainerItemProxy section */
		F125D3CC1C58CB8E004F6866 /* PBXContainerItemProxy */ = {
			isa = PBXContainerItemProxy;
			containerPortal = F125D3AF1C58CB8D004F6866 /* Project object */;
			proxyType = 1;
			remoteGlobalIDString = F125D3B61C58CB8D004F6866;
			remoteInfo = Calculator;
		};
		F125D3D71C58CB8E004F6866 /* PBXContainerItemProxy */ = {
			isa = PBXContainerItemProxy;
			containerPortal = F125D3AF1C58CB8D004F6866 /* Project object */;
			proxyType = 1;
			remoteGlobalIDString = F125D3B61C58CB8D004F6866;
			remoteInfo = Calculator;
		};
/* End PBXContainerItemProxy section */

/* Begin PBXFileReference section */
		F125D3B71C58CB8D004F6866 /* Calculator.app */ = {isa = PBXFileReference; explicitFileType = wrapper.application; includeInIndex = 0; path = Calculator.app; sourceTree = BUILT_PRODUCTS_DIR; };
		F125D3BA1C58CB8D004F6866 /* AppDelegate.swift */ = {isa = PBXFileReference; lastKnownFileType = sourcecode.swift; path = AppDelegate.swift; sourceTree = "<group>"; };
		F125D3BC1C58CB8D004F6866 /* ViewController.swift */ = {isa = PBXFileReference; lastKnownFileType = sourcecode.swift; path = ViewController.swift; sourceTree = "<group>"; };
		F125D3BF1C58CB8D004F6866 /* Base */ = {isa = PBXFileReference; lastKnownFileType = file.storyboard; name = Base; path = Base.lproj/Main.storyboard; sourceTree = "<group>"; };
		F125D3C11C58CB8D004F6866 /* Assets.xcassets */ = {isa = PBXFileReference; lastKnownFileType = folder.assetcatalog; path = Assets.xcassets; sourceTree = "<group>"; };
		F125D3C41C58CB8D004F6866 /* Base */ = {isa = PBXFileReference; lastKnownFileType = file.storyboard; name = Base; path = Base.lproj/LaunchScreen.storyboard; sourceTree = "<group>"; };
		F125D3C61C58CB8D004F6866 /* Info.plist */ = {isa = PBXFileReference; lastKnownFileType = text.plist.xml; path = Info.plist; sourceTree = "<group>"; };
		F125D3CB1C58CB8E004F6866 /* CalculatorTests.xctest */ = {isa = PBXFileReference; explicitFileType = wrapper.cfbundle; includeInIndex = 0; path = CalculatorTests.xctest; sourceTree = BUILT_PRODUCTS_DIR; };
		F125D3CF1C58CB8E004F6866 /* CalculatorTests.swift */ = {isa = PBXFileReference; lastKnownFileType = sourcecode.swift; path = CalculatorTests.swift; sourceTree = "<group>"; };
		F125D3D11C58CB8E004F6866 /* Info.plist */ = {isa = PBXFileReference; lastKnownFileType = text.plist.xml; path = Info.plist; sourceTree = "<group>"; };
		F125D3D61C58CB8E004F6866 /* CalculatorUITests.xctest */ = {isa = PBXFileReference; explicitFileType = wrapper.cfbundle; includeInIndex = 0; path = CalculatorUITests.xctest; sourceTree = BUILT_PRODUCTS_DIR; };
		F125D3DA1C58CB8E004F6866 /* CalculatorUITests.swift */ = {isa = PBXFileReference; lastKnownFileType = sourcecode.swift; path = CalculatorUITests.swift; sourceTree = "<group>"; };
		F125D3DC1C58CB8E004F6866 /* Info.plist */ = {isa = PBXFileReference; lastKnownFileType = text.plist.xml; path = Info.plist; sourceTree = "<group>"; };
		F18FD1641C5A4ADB0082C872 /* CalculatorBrain.swift */ = {isa = PBXFileReference; fileEncoding = 4; lastKnownFileType = sourcecode.swift; path = CalculatorBrain.swift; sourceTree = "<group>"; };
/* End PBXFileReference section */

/* Begin PBXFrameworksBuildPhase section */
		F125D3B41C58CB8D004F6866 /* Frameworks */ = {
			isa = PBXFrameworksBuildPhase;
			buildActionMask = 2147483647;
			files = (
			);
			runOnlyForDeploymentPostprocessing = 0;
		};
		F125D3C81C58CB8E004F6866 /* Frameworks */ = {
			isa = PBXFrameworksBuildPhase;
			buildActionMask = 2147483647;
			files = (
			);
			runOnlyForDeploymentPostprocessing = 0;
		};
		F125D3D31C58CB8E004F6866 /* Frameworks */ = {
			isa = PBXFrameworksBuildPhase;
			buildActionMask = 2147483647;
			files = (
			);
			runOnlyForDeploymentPostprocessing = 0;
		};
/* End PBXFrameworksBuildPhase section */

/* Begin PBXGroup section */
		F125D3AE1C58CB8D004F6866 = {
			isa = PBXGroup;
			children = (
				F125D3B91C58CB8D004F6866 /* Calculator */,
				F125D3CE1C58CB8E004F6866 /* CalculatorTests */,
				F125D3D91C58CB8E004F6866 /* CalculatorUITests */,
				F125D3B81C58CB8D004F6866 /* Products */,
			);
			sourceTree = "<group>";
		};
		F125D3B81C58CB8D004F6866 /* Products */ = {
			isa = PBXGroup;
			children = (
				F125D3B71C58CB8D004F6866 /* Calculator.app */,
				F125D3CB1C58CB8E004F6866 /* CalculatorTests.xctest */,
				F125D3D61C58CB8E004F6866 /* CalculatorUITests.xctest */,
			);
			name = Products;
			sourceTree = "<group>";
		};
		F125D3B91C58CB8D004F6866 /* Calculator */ = {
			isa = PBXGroup;
			children = (
				F125D3BC1C58CB8D004F6866 /* ViewController.swift */,
				F125D3BE1C58CB8D004F6866 /* Main.storyboard */,
				F18FD1641C5A4ADB0082C872 /* CalculatorBrain.swift */,
				F125D3E81C58CC13004F6866 /* Supporting Files */,
			);
			path = Calculator;
			sourceTree = "<group>";
		};
		F125D3CE1C58CB8E004F6866 /* CalculatorTests */ = {
			isa = PBXGroup;
			children = (
				F125D3CF1C58CB8E004F6866 /* CalculatorTests.swift */,
				F125D3D11C58CB8E004F6866 /* Info.plist */,
			);
			path = CalculatorTests;
			sourceTree = "<group>";
		};
		F125D3D91C58CB8E004F6866 /* CalculatorUITests */ = {
			isa = PBXGroup;
			children = (
				F125D3DA1C58CB8E004F6866 /* CalculatorUITests.swift */,
				F125D3DC1C58CB8E004F6866 /* Info.plist */,
			);
			path = CalculatorUITests;
			sourceTree = "<group>";
		};
		F125D3E81C58CC13004F6866 /* Supporting Files */ = {
			isa = PBXGroup;
			children = (
				F125D3C11C58CB8D004F6866 /* Assets.xcassets */,
				F125D3BA1C58CB8D004F6866 /* AppDelegate.swift */,
				F125D3C31C58CB8D004F6866 /* LaunchScreen.storyboard */,
				F125D3C61C58CB8D004F6866 /* Info.plist */,
			);
			name = "Supporting Files";
			sourceTree = "<group>";
		};
/* End PBXGroup section */

/* Begin PBXNativeTarget section */
		F125D3B61C58CB8D004F6866 /* Calculator */ = {
			isa = PBXNativeTarget;
			buildConfigurationList = F125D3DF1C58CB8E004F6866 /* Build configuration list for PBXNativeTarget "Calculator" */;
			buildPhases = (
				F125D3B31C58CB8D004F6866 /* Sources */,
				F125D3B41C58CB8D004F6866 /* Frameworks */,
				F125D3B51C58CB8D004F6866 /* Resources */,
			);
			buildRules = (
			);
			dependencies = (
			);
			name = Calculator;
			productName = Calculator;
			productReference = F125D3B71C58CB8D004F6866 /* Calculator.app */;
			productType = "com.apple.product-type.application";
		};
		F125D3CA1C58CB8E004F6866 /* CalculatorTests */ = {
			isa = PBXNativeTarget;
			buildConfigurationList = F125D3E21C58CB8E004F6866 /* Build configuration list for PBXNativeTarget "CalculatorTests" */;
			buildPhases = (
				F125D3C71C58CB8E004F6866 /* Sources */,
				F125D3C81C58CB8E004F6866 /* Frameworks */,
				F125D3C91C58CB8E004F6866 /* Resources */,
			);
			buildRules = (
			);
			dependencies = (
				F125D3CD1C58CB8E004F6866 /* PBXTargetDependency */,
			);
			name = CalculatorTests;
			productName = CalculatorTests;
			productReference = F125D3CB1C58CB8E004F6866 /* CalculatorTests.xctest */;
			productType = "com.apple.product-type.bundle.unit-test";
		};
		F125D3D51C58CB8E004F6866 /* CalculatorUITests */ = {
			isa = PBXNativeTarget;
			buildConfigurationList = F125D3E51C58CB8E004F6866 /* Build configuration list for PBXNativeTarget "CalculatorUITests" */;
			buildPhases = (
				F125D3D21C58CB8E004F6866 /* Sources */,
				F125D3D31C58CB8E004F6866 /* Frameworks */,
				F125D3D41C58CB8E004F6866 /* Resources */,
			);
			buildRules = (
			);
			dependencies = (
				F125D3D81C58CB8E004F6866 /* PBXTargetDependency */,
			);
			name = CalculatorUITests;
			productName = CalculatorUITests;
			productReference = F125D3D61C58CB8E004F6866 /* CalculatorUITests.xctest */;
			productType = "com.apple.product-type.bundle.ui-testing";
		};
/* End PBXNativeTarget section */

/* Begin PBXProject section */
		F125D3AF1C58CB8D004F6866 /* Project object */ = {
			isa = PBXProject;
			attributes = {
				LastUpgradeCheck = 0700;
				ORGANIZATIONNAME = mipt;
				TargetAttributes = {
					F125D3B61C58CB8D004F6866 = {
						CreatedOnToolsVersion = 7.0;
					};
					F125D3CA1C58CB8E004F6866 = {
						CreatedOnToolsVersion = 7.0;
						TestTargetID = F125D3B61C58CB8D004F6866;
					};
					F125D3D51C58CB8E004F6866 = {
						CreatedOnToolsVersion = 7.0;
						TestTargetID = F125D3B61C58CB8D004F6866;
					};
				};
			};
			buildConfigurationList = F125D3B21C58CB8D004F6866 /* Build configuration list for PBXProject "Calculator" */;
			compatibilityVersion = "Xcode 3.2";
			developmentRegion = English;
			hasScannedForEncodings = 0;
			knownRegions = (
				en,
				Base,
			);
			mainGroup = F125D3AE1C58CB8D004F6866;
			productRefGroup = F125D3B81C58CB8D004F6866 /* Products */;
			projectDirPath = "";
			projectRoot = "";
			targets = (
				F125D3B61C58CB8D004F6866 /* Calculator */,
				F125D3CA1C58CB8E004F6866 /* CalculatorTests */,
				F125D3D51C58CB8E004F6866 /* CalculatorUITests */,
			);
		};
/* End PBXProject section */

/* Begin PBXResourcesBuildPhase section */
		F125D3B51C58CB8D004F6866 /* Resources */ = {
			isa = PBXResourcesBuildPhase;
			buildActionMask = 2147483647;
			files = (
				F125D3C51C58CB8D004F6866 /* LaunchScreen.storyboard in Resources */,
				F125D3C21C58CB8D004F6866 /* Assets.xcassets in Resources */,
				F125D3C01C58CB8D004F6866 /* Main.storyboard in Resources */,
			);
			runOnlyForDeploymentPostprocessing = 0;
		};
		F125D3C91C58CB8E004F6866 /* Resources */ = {
			isa = PBXResourcesBuildPhase;
			buildActionMask = 2147483647;
			files = (
			);
			runOnlyForDeploymentPostprocessing = 0;
		};
		F125D3D41C58CB8E004F6866 /* Resources */ = {
			isa = PBXResourcesBuildPhase;
			buildActionMask = 2147483647;
			files = (
			);
			runOnlyForDeploymentPostprocessing = 0;
		};
/* End PBXResourcesBuildPhase section */

/* Begin PBXSourcesBuildPhase section */
		F125D3B31C58CB8D004F6866 /* Sources */ = {
			isa = PBXSourcesBuildPhase;
			buildActionMask = 2147483647;
			files = (
				F18FD1651C5A4ADB0082C872 /* CalculatorBrain.swift in Sources */,
				F125D3BD1C58CB8D004F6866 /* ViewController.swift in Sources */,
				F125D3BB1C58CB8D004F6866 /* AppDelegate.swift in Sources */,
			);
			runOnlyForDeploymentPostprocessing = 0;
		};
		F125D3C71C58CB8E004F6866 /* Sources */ = {
			isa = PBXSourcesBuildPhase;
			buildActionMask = 2147483647;
			files = (
				F125D3D01C58CB8E004F6866 /* CalculatorTests.swift in Sources */,
			);
			runOnlyForDeploymentPostprocessing = 0;
		};
		F125D3D21C58CB8E004F6866 /* Sources */ = {
			isa = PBXSourcesBuildPhase;
			buildActionMask = 2147483647;
			files = (
				F125D3DB1C58CB8E004F6866 /* CalculatorUITests.swift in Sources */,
			);
			runOnlyForDeploymentPostprocessing = 0;
		};
/* End PBXSourcesBuildPhase section */

/* Begin PBXTargetDependency section */
		F125D3CD1C58CB8E004F6866 /* PBXTargetDependency */ = {
			isa = PBXTargetDependency;
			target = F125D3B61C58CB8D004F6866 /* Calculator */;
			targetProxy = F125D3CC1C58CB8E004F6866 /* PBXContainerItemProxy */;
		};
		F125D3D81C58CB8E004F6866 /* PBXTargetDependency */ = {
			isa = PBXTargetDependency;
			target = F125D3B61C58CB8D004F6866 /* Calculator */;
			targetProxy = F125D3D71C58CB8E004F6866 /* PBXContainerItemProxy */;
		};
/* End PBXTargetDependency section */

/* Begin PBXVariantGroup section */
		F125D3BE1C58CB8D004F6866 /* Main.storyboard */ = {
			isa = PBXVariantGroup;
			children = (
				F125D3BF1C58CB8D004F6866 /* Base */,
			);
			name = Main.storyboard;
			sourceTree = "<group>";
		};
		F125D3C31C58CB8D004F6866 /* LaunchScreen.storyboard */ = {
			isa = PBXVariantGroup;
			children = (
				F125D3C41C58CB8D004F6866 /* Base */,
			);
			name = LaunchScreen.storyboard;
			sourceTree = "<group>";
		};
/* End PBXVariantGroup section */

/* Begin XCBuildConfiguration section */
		F125D3DD1C58CB8E004F6866 /* Debug */ = {
			isa = XCBuildConfiguration;
			buildSettings = {
				ALWAYS_SEARCH_USER_PATHS = NO;
				CLANG_CXX_LANGUAGE_STANDARD = "gnu++0x";
				CLANG_CXX_LIBRARY = "libc++";
				CLANG_ENABLE_MODULES = YES;
				CLANG_ENABLE_OBJC_ARC = YES;
				CLANG_WARN_BOOL_CONVERSION = YES;
				CLANG_WARN_CONSTANT_CONVERSION = YES;
				CLANG_WARN_DIRECT_OBJC_ISA_USAGE = YES_ERROR;
				CLANG_WARN_EMPTY_BODY = YES;
				CLANG_WARN_ENUM_CONVERSION = YES;
				CLANG_WARN_INT_CONVERSION = YES;
				CLANG_WARN_OBJC_ROOT_CLASS = YES_ERROR;
				CLANG_WARN_UNREACHABLE_CODE = YES;
				CLANG_WARN__DUPLICATE_METHOD_MATCH = YES;
				"CODE_SIGN_IDENTITY[sdk=iphoneos*]" = "iPhone Developer";
				COPY_PHASE_STRIP = NO;
				DEBUG_INFORMATION_FORMAT = dwarf;
				ENABLE_STRICT_OBJC_MSGSEND = YES;
				ENABLE_TESTABILITY = YES;
				GCC_C_LANGUAGE_STANDARD = gnu99;
				GCC_DYNAMIC_NO_PIC = NO;
				GCC_NO_COMMON_BLOCKS = YES;
				GCC_OPTIMIZATION_LEVEL = 0;
				GCC_PREPROCESSOR_DEFINITIONS = (
					"DEBUG=1",
					"$(inherited)",
				);
				GCC_WARN_64_TO_32_BIT_CONVERSION = YES;
				GCC_WARN_ABOUT_RETURN_TYPE = YES_ERROR;
				GCC_WARN_UNDECLARED_SELECTOR = YES;
				GCC_WARN_UNINITIALIZED_AUTOS = YES_AGGRESSIVE;
				GCC_WARN_UNUSED_FUNCTION = YES;
				GCC_WARN_UNUSED_VARIABLE = YES;
				IPHONEOS_DEPLOYMENT_TARGET = 9.0;
				MTL_ENABLE_DEBUG_INFO = YES;
				ONLY_ACTIVE_ARCH = YES;
				SDKROOT = iphoneos;
				SWIFT_OPTIMIZATION_LEVEL = "-Onone";
				TARGETED_DEVICE_FAMILY = "1,2";
			};
			name = Debug;
		};
		F125D3DE1C58CB8E004F6866 /* Release */ = {
			isa = XCBuildConfiguration;
			buildSettings = {
				ALWAYS_SEARCH_USER_PATHS = NO;
				CLANG_CXX_LANGUAGE_STANDARD = "gnu++0x";
				CLANG_CXX_LIBRARY = "libc++";
				CLANG_ENABLE_MODULES = YES;
				CLANG_ENABLE_OBJC_ARC = YES;
				CLANG_WARN_BOOL_CONVERSION = YES;
				CLANG_WARN_CONSTANT_CONVERSION = YES;
				CLANG_WARN_DIRECT_OBJC_ISA_USAGE = YES_ERROR;
				CLANG_WARN_EMPTY_BODY = YES;
				CLANG_WARN_ENUM_CONVERSION = YES;
				CLANG_WARN_INT_CONVERSION = YES;
				CLANG_WARN_OBJC_ROOT_CLASS = YES_ERROR;
				CLANG_WARN_UNREACHABLE_CODE = YES;
				CLANG_WARN__DUPLICATE_METHOD_MATCH = YES;
				"CODE_SIGN_IDENTITY[sdk=iphoneos*]" = "iPhone Developer";
				COPY_PHASE_STRIP = NO;
				DEBUG_INFORMATION_FORMAT = "dwarf-with-dsym";
				ENABLE_NS_ASSERTIONS = NO;
				ENABLE_STRICT_OBJC_MSGSEND = YES;
				GCC_C_LANGUAGE_STANDARD = gnu99;
				GCC_NO_COMMON_BLOCKS = YES;
				GCC_WARN_64_TO_32_BIT_CONVERSION = YES;
				GCC_WARN_ABOUT_RETURN_TYPE = YES_ERROR;
				GCC_WARN_UNDECLARED_SELECTOR = YES;
				GCC_WARN_UNINITIALIZED_AUTOS = YES_AGGRESSIVE;
				GCC_WARN_UNUSED_FUNCTION = YES;
				GCC_WARN_UNUSED_VARIABLE = YES;
				IPHONEOS_DEPLOYMENT_TARGET = 9.0;
				MTL_ENABLE_DEBUG_INFO = NO;
				SDKROOT = iphoneos;
				TARGETED_DEVICE_FAMILY = "1,2";
				VALIDATE_PRODUCT = YES;
			};
			name = Release;
		};
		F125D3E01C58CB8E004F6866 /* Debug */ = {
			isa = XCBuildConfiguration;
			buildSettings = {
				ASSETCATALOG_COMPILER_APPICON_NAME = AppIcon;
				INFOPLIST_FILE = Calculator/Info.plist;
				LD_RUNPATH_SEARCH_PATHS = "$(inherited) @executable_path/Frameworks";
				PRODUCT_BUNDLE_IDENTIFIER = com.mipt.Calculator;
				PRODUCT_NAME = "$(TARGET_NAME)";
			};
			name = Debug;
		};
		F125D3E11C58CB8E004F6866 /* Release */ = {
			isa = XCBuildConfiguration;
			buildSettings = {
				ASSETCATALOG_COMPILER_APPICON_NAME = AppIcon;
				INFOPLIST_FILE = Calculator/Info.plist;
				LD_RUNPATH_SEARCH_PATHS = "$(inherited) @executable_path/Frameworks";
				PRODUCT_BUNDLE_IDENTIFIER = com.mipt.Calculator;
				PRODUCT_NAME = "$(TARGET_NAME)";
			};
			name = Release;
		};
		F125D3E31C58CB8E004F6866 /* Debug */ = {
			isa = XCBuildConfiguration;
			buildSettings = {
				BUNDLE_LOADER = "$(TEST_HOST)";
				INFOPLIST_FILE = CalculatorTests/Info.plist;
				LD_RUNPATH_SEARCH_PATHS = "$(inherited) @executable_path/Frameworks @loader_path/Frameworks";
				PRODUCT_BUNDLE_IDENTIFIER = com.mipt.CalculatorTests;
				PRODUCT_NAME = "$(TARGET_NAME)";
				TEST_HOST = "$(BUILT_PRODUCTS_DIR)/Calculator.app/Calculator";
			};
			name = Debug;
		};
		F125D3E41C58CB8E004F6866 /* Release */ = {
			isa = XCBuildConfiguration;
			buildSettings = {
				BUNDLE_LOADER = "$(TEST_HOST)";
				INFOPLIST_FILE = CalculatorTests/Info.plist;
				LD_RUNPATH_SEARCH_PATHS = "$(inherited) @executable_path/Frameworks @loader_path/Frameworks";
				PRODUCT_BUNDLE_IDENTIFIER = com.mipt.CalculatorTests;
				PRODUCT_NAME = "$(TARGET_NAME)";
				TEST_HOST = "$(BUILT_PRODUCTS_DIR)/Calculator.app/Calculator";
			};
			name = Release;
		};
		F125D3E61C58CB8E004F6866 /* Debug */ = {
			isa = XCBuildConfiguration;
			buildSettings = {
				INFOPLIST_FILE = CalculatorUITests/Info.plist;
				LD_RUNPATH_SEARCH_PATHS = "$(inherited) @executable_path/Frameworks @loader_path/Frameworks";
				PRODUCT_BUNDLE_IDENTIFIER = com.mipt.CalculatorUITests;
				PRODUCT_NAME = "$(TARGET_NAME)";
				TEST_TARGET_NAME = Calculator;
				USES_XCTRUNNER = YES;
			};
			name = Debug;
		};
		F125D3E71C58CB8E004F6866 /* Release */ = {
			isa = XCBuildConfiguration;
			buildSettings = {
				INFOPLIST_FILE = CalculatorUITests/Info.plist;
				LD_RUNPATH_SEARCH_PATHS = "$(inherited) @executable_path/Frameworks @loader_path/Frameworks";
				PRODUCT_BUNDLE_IDENTIFIER = com.mipt.CalculatorUITests;
				PRODUCT_NAME = "$(TARGET_NAME)";
				TEST_TARGET_NAME = Calculator;
				USES_XCTRUNNER = YES;
			};
			name = Release;
		};
/* End XCBuildConfiguration section */

/* Begin XCConfigurationList section */
		F125D3B21C58CB8D004F6866 /* Build configuration list for PBXProject "Calculator" */ = {
			isa = XCConfigurationList;
			buildConfigurations = (
				F125D3DD1C58CB8E004F6866 /* Debug */,
				F125D3DE1C58CB8E004F6866 /* Release */,
			);
			defaultConfigurationIsVisible = 0;
			defaultConfigurationName = Release;
		};
		F125D3DF1C58CB8E004F6866 /* Build configuration list for PBXNativeTarget "Calculator" */ = {
			isa = XCConfigurationList;
			buildConfigurations = (
				F125D3E01C58CB8E004F6866 /* Debug */,
				F125D3E11C58CB8E004F6866 /* Release */,
			);
			defaultConfigurationIsVisible = 0;
			defaultConfigurationName = Release;
		};
		F125D3E21C58CB8E004F6866 /* Build configuration list for PBXNativeTarget "CalculatorTests" */ = {
			isa = XCConfigurationList;
			buildConfigurations = (
				F125D3E31C58CB8E004F6866 /* Debug */,
				F125D3E41C58CB8E004F6866 /* Release */,
			);
			defaultConfigurationIsVisible = 0;
			defaultConfigurationName = Release;
		};
		F125D3E51C58CB8E004F6866 /* Build configuration list for PBXNativeTarget "CalculatorUITests" */ = {
			isa = XCConfigurationList;
			buildConfigurations = (
				F125D3E61C58CB8E004F6866 /* Debug */,
				F125D3E71C58CB8E004F6866 /* Release */,
			);
			defaultConfigurationIsVisible = 0;
			defaultConfigurationName = Release;
		};
/* End XCConfigurationList section */
	};
	rootObject = F125D3AF1C58CB8D004F6866 /* Project object */;
}
